// !$*UTF8*$!
{
	archiveVersion = 1;
	classes = {
	};
	objectVersion = 46;
	objects = {

/* Begin PBXBuildFile section */
		DA07C98D1B0728BE00DDF656 /* BankCardViewController.m in Sources */ = {isa = PBXBuildFile; fileRef = DA07C98C1B0728BE00DDF656 /* BankCardViewController.m */; };
		DA07C9901B072BCC00DDF656 /* BankCardManagerTableViewCell.m in Sources */ = {isa = PBXBuildFile; fileRef = DA07C98F1B072BCC00DDF656 /* BankCardManagerTableViewCell.m */; };
		DA07C9931B0738F600DDF656 /* AddressViewController.m in Sources */ = {isa = PBXBuildFile; fileRef = DA07C9921B0738F600DDF656 /* AddressViewController.m */; };
		DA07C9961B073BDD00DDF656 /* personalInfoViewController.m in Sources */ = {isa = PBXBuildFile; fileRef = DA07C9951B073BDD00DDF656 /* personalInfoViewController.m */; };
		DA0DB0211AF7264000806854 /* LoginViewController.m in Sources */ = {isa = PBXBuildFile; fileRef = DA0DB0171AF7264000806854 /* LoginViewController.m */; };
		DA0DB0231AF7264000806854 /* RegisterViewController.m in Sources */ = {isa = PBXBuildFile; fileRef = DA0DB01B1AF7264000806854 /* RegisterViewController.m */; };
		DA0DB0271AF777D000806854 /* PassWordGetBackViewController.m in Sources */ = {isa = PBXBuildFile; fileRef = DA0DB0261AF777D000806854 /* PassWordGetBackViewController.m */; };
		DA5E70001AF86D050060040C /* PopupNotify.m in Sources */ = {isa = PBXBuildFile; fileRef = DA5E6FFF1AF86D050060040C /* PopupNotify.m */; };
		DA5E70031AF8990E0060040C /* NSString+Utility.m in Sources */ = {isa = PBXBuildFile; fileRef = DA5E70021AF8990E0060040C /* NSString+Utility.m */; };
		DA5E700F1AF899CA0060040C /* AESCrypt.m in Sources */ = {isa = PBXBuildFile; fileRef = DA5E70061AF899CA0060040C /* AESCrypt.m */; };
		DA5E70101AF899CA0060040C /* DLThreeDESCrypt.m in Sources */ = {isa = PBXBuildFile; fileRef = DA5E70081AF899CA0060040C /* DLThreeDESCrypt.m */; };
		DA5E70111AF899CA0060040C /* NSData+CommonCrypto.m in Sources */ = {isa = PBXBuildFile; fileRef = DA5E700A1AF899CA0060040C /* NSData+CommonCrypto.m */; };
		DA5E70121AF899CA0060040C /* NSData+Encryption.m in Sources */ = {isa = PBXBuildFile; fileRef = DA5E700C1AF899CA0060040C /* NSData+Encryption.m */; };
		DA5E70131AF899CA0060040C /* NSString+Base64.m in Sources */ = {isa = PBXBuildFile; fileRef = DA5E700E1AF899CA0060040C /* NSString+Base64.m */; };
		DA5E701E1AF89A6E0060040C /* NSArray+Comparisons.m in Sources */ = {isa = PBXBuildFile; fileRef = DA5E70151AF89A6E0060040C /* NSArray+Comparisons.m */; };
		DA5E701F1AF89A6E0060040C /* NSData+Base64.m in Sources */ = {isa = PBXBuildFile; fileRef = DA5E70171AF89A6E0060040C /* NSData+Base64.m */; };
		DA5E70201AF89A6E0060040C /* NSDictionary+Extensions.m in Sources */ = {isa = PBXBuildFile; fileRef = DA5E70191AF89A6E0060040C /* NSDictionary+Extensions.m */; };
		DA5E70211AF89A6E0060040C /* NSMutableArray+QueueAdditions.m in Sources */ = {isa = PBXBuildFile; fileRef = DA5E701B1AF89A6E0060040C /* NSMutableArray+QueueAdditions.m */; };
		DA5E70221AF89A6E0060040C /* UIDevice+Extensions.m in Sources */ = {isa = PBXBuildFile; fileRef = DA5E701D1AF89A6E0060040C /* UIDevice+Extensions.m */; };
		DA66C6901AD8EBAD00FBC19C /* main.m in Sources */ = {isa = PBXBuildFile; fileRef = DA66C68F1AD8EBAD00FBC19C /* main.m */; };
		DA66C6931AD8EBAD00FBC19C /* AppDelegate.m in Sources */ = {isa = PBXBuildFile; fileRef = DA66C6921AD8EBAD00FBC19C /* AppDelegate.m */; };
		DA66C6991AD8EBAD00FBC19C /* Main.storyboard in Resources */ = {isa = PBXBuildFile; fileRef = DA66C6971AD8EBAD00FBC19C /* Main.storyboard */; };
		DA66C69E1AD8EBAD00FBC19C /* LaunchScreen.xib in Resources */ = {isa = PBXBuildFile; fileRef = DA66C69C1AD8EBAD00FBC19C /* LaunchScreen.xib */; };
		DA66C6AA1AD8EBAE00FBC19C /* ZSFlowerTests.m in Sources */ = {isa = PBXBuildFile; fileRef = DA66C6A91AD8EBAE00FBC19C /* ZSFlowerTests.m */; };
		DA66C6BC1AD8F13C00FBC19C /* Images.xcassets in Resources */ = {isa = PBXBuildFile; fileRef = DA66C6BB1AD8F13C00FBC19C /* Images.xcassets */; };
		DA66C6C61AD8F4A100FBC19C /* BaseViewController.m in Sources */ = {isa = PBXBuildFile; fileRef = DA66C6C11AD8F4A100FBC19C /* BaseViewController.m */; };
		DA66C6C71AD8F4A100FBC19C /* CustomNavigationController.m in Sources */ = {isa = PBXBuildFile; fileRef = DA66C6C31AD8F4A100FBC19C /* CustomNavigationController.m */; };
		DA66C6CC1AD8F6B900FBC19C /* UIViewAdditions.m in Sources */ = {isa = PBXBuildFile; fileRef = DA66C6CB1AD8F6B900FBC19C /* UIViewAdditions.m */; };
		DA66C7081AD8FC7600FBC19C /* PUUtil.m in Sources */ = {isa = PBXBuildFile; fileRef = DA66C7071AD8FC7600FBC19C /* PUUtil.m */; };
		DA66C70B1AD9005D00FBC19C /* Addtions.m in Sources */ = {isa = PBXBuildFile; fileRef = DA66C70A1AD9005D00FBC19C /* Addtions.m */; };
		DA66C71C1AD9240B00FBC19C /* LoginManager.m in Sources */ = {isa = PBXBuildFile; fileRef = DA66C71B1AD9240B00FBC19C /* LoginManager.m */; };
		DA72E7081B059EBF000BF140 /* SettingTableViewCell.m in Sources */ = {isa = PBXBuildFile; fileRef = DA72E7071B059EBF000BF140 /* SettingTableViewCell.m */; };
		DA72E70B1B05A2C3000BF140 /* Global.m in Sources */ = {isa = PBXBuildFile; fileRef = DA72E70A1B05A2C3000BF140 /* Global.m */; };
		DA72E70E1B05D1DF000BF140 /* FeedbackViewController.m in Sources */ = {isa = PBXBuildFile; fileRef = DA72E70D1B05D1DF000BF140 /* FeedbackViewController.m */; };
		DA72E7121B05EC43000BF140 /* FeedBackSelectTypeView.m in Sources */ = {isa = PBXBuildFile; fileRef = DA72E7111B05EC43000BF140 /* FeedBackSelectTypeView.m */; };
		DA77ECEC1B0EBB0F00F00718 /* AccountSafeViewController.m in Sources */ = {isa = PBXBuildFile; fileRef = DA77ECEB1B0EBB0F00F00718 /* AccountSafeViewController.m */; };
		DA77ECEF1B0EFE2700F00718 /* ChangeBindMobileViewController.m in Sources */ = {isa = PBXBuildFile; fileRef = DA77ECEE1B0EFE2700F00718 /* ChangeBindMobileViewController.m */; };
		DA8154591B0DB499001349BD /* ServiceAndRefundViewController.m in Sources */ = {isa = PBXBuildFile; fileRef = DA8154581B0DB499001349BD /* ServiceAndRefundViewController.m */; };
		DA81545C1B0DBC73001349BD /* ServiceAndRefundCell.m in Sources */ = {isa = PBXBuildFile; fileRef = DA81545B1B0DBC73001349BD /* ServiceAndRefundCell.m */; };
		DA8691E51B0320E9005DB8F7 /* MyOrderViewController.m in Sources */ = {isa = PBXBuildFile; fileRef = DA8691E41B0320E9005DB8F7 /* MyOrderViewController.m */; };
		DA8691E81B034A34005DB8F7 /* personalOrderTableViewCell.m in Sources */ = {isa = PBXBuildFile; fileRef = DA8691E71B034A34005DB8F7 /* personalOrderTableViewCell.m */; };
		DA8A65E91AEDE0A9002F70CB /* RegexKitLite.m in Sources */ = {isa = PBXBuildFile; fileRef = DA8A65E81AEDE0A9002F70CB /* RegexKitLite.m */; settings = {COMPILER_FLAGS = "-fno-objc-arc"; }; };
		DA8A65F11AEDE249002F70CB /* CFNetwork.framework in Frameworks */ = {isa = PBXBuildFile; fileRef = DA8A65EB1AEDE249002F70CB /* CFNetwork.framework */; };
		DA8A65F21AEDE249002F70CB /* CoreGraphics.framework in Frameworks */ = {isa = PBXBuildFile; fileRef = DA8A65EC1AEDE249002F70CB /* CoreGraphics.framework */; };
		DA8A65F31AEDE249002F70CB /* Foundation.framework in Frameworks */ = {isa = PBXBuildFile; fileRef = DA8A65ED1AEDE249002F70CB /* Foundation.framework */; };
		DA8A65F41AEDE249002F70CB /* NetworkExtension.framework in Frameworks */ = {isa = PBXBuildFile; fileRef = DA8A65EE1AEDE249002F70CB /* NetworkExtension.framework */; };
		DA8A65F51AEDE249002F70CB /* SystemConfiguration.framework in Frameworks */ = {isa = PBXBuildFile; fileRef = DA8A65EF1AEDE249002F70CB /* SystemConfiguration.framework */; };
		DA8A65F61AEDE249002F70CB /* UIKit.framework in Frameworks */ = {isa = PBXBuildFile; fileRef = DA8A65F01AEDE249002F70CB /* UIKit.framework */; };
		DA8A65F81AEDE291002F70CB /* AdSupport.framework in Frameworks */ = {isa = PBXBuildFile; fileRef = DA8A65F71AEDE291002F70CB /* AdSupport.framework */; };
		DA8A65FA1AEDE39A002F70CB /* libicucore.dylib in Frameworks */ = {isa = PBXBuildFile; fileRef = DA8A65F91AEDE39A002F70CB /* libicucore.dylib */; };
		DA8C9EA21B09899D002BE5F4 /* MobileCoreServices.framework in Frameworks */ = {isa = PBXBuildFile; fileRef = DA8C9EA11B09899D002BE5F4 /* MobileCoreServices.framework */; };
		DA8C9EA51B09D03F002BE5F4 /* AddressManagerTableViewCell.m in Sources */ = {isa = PBXBuildFile; fileRef = DA8C9EA41B09D03F002BE5F4 /* AddressManagerTableViewCell.m */; };
		DA8E59D21AF9F14200852CAE /* PasswordGetbackDetailViewController.m in Sources */ = {isa = PBXBuildFile; fileRef = DA8E59D11AF9F14200852CAE /* PasswordGetbackDetailViewController.m */; };
		DA8E59D51AFB00FC00852CAE /* CustomTabBarController.m in Sources */ = {isa = PBXBuildFile; fileRef = DA8E59D41AFB00FC00852CAE /* CustomTabBarController.m */; };
		DA8E59D81AFB035100852CAE /* NSDictionary+Additions.m in Sources */ = {isa = PBXBuildFile; fileRef = DA8E59D71AFB035100852CAE /* NSDictionary+Additions.m */; };
		DA8E59DC1AFC8CD400852CAE /* PersonalViewController.m in Sources */ = {isa = PBXBuildFile; fileRef = DA8E59DB1AFC8CD400852CAE /* PersonalViewController.m */; };
		DA8E59DF1AFCA17900852CAE /* PersonalTableViewCell.m in Sources */ = {isa = PBXBuildFile; fileRef = DA8E59DE1AFCA17900852CAE /* PersonalTableViewCell.m */; };
		DA8E59E51AFCC4CD00852CAE /* CustomBadge.m in Sources */ = {isa = PBXBuildFile; fileRef = DA8E59E41AFCC4CD00852CAE /* CustomBadge.m */; settings = {COMPILER_FLAGS = "-fno-objc-arc"; }; };
		DA8F89711B04338D00BC1AD6 /* NSData+ImageContentType.m in Sources */ = {isa = PBXBuildFile; fileRef = DA8F89551B04338D00BC1AD6 /* NSData+ImageContentType.m */; };
		DA8F89721B04338D00BC1AD6 /* SDImageCache.m in Sources */ = {isa = PBXBuildFile; fileRef = DA8F89571B04338D00BC1AD6 /* SDImageCache.m */; };
		DA8F89731B04338D00BC1AD6 /* SDWebImageCompat.m in Sources */ = {isa = PBXBuildFile; fileRef = DA8F89591B04338D00BC1AD6 /* SDWebImageCompat.m */; };
		DA8F89741B04338D00BC1AD6 /* SDWebImageDecoder.m in Sources */ = {isa = PBXBuildFile; fileRef = DA8F895B1B04338D00BC1AD6 /* SDWebImageDecoder.m */; };
		DA8F89751B04338D00BC1AD6 /* SDWebImageDownloader.m in Sources */ = {isa = PBXBuildFile; fileRef = DA8F895D1B04338D00BC1AD6 /* SDWebImageDownloader.m */; };
		DA8F89761B04338D00BC1AD6 /* SDWebImageDownloaderOperation.m in Sources */ = {isa = PBXBuildFile; fileRef = DA8F895F1B04338D00BC1AD6 /* SDWebImageDownloaderOperation.m */; };
		DA8F89771B04338D00BC1AD6 /* SDWebImageManager.m in Sources */ = {isa = PBXBuildFile; fileRef = DA8F89611B04338D00BC1AD6 /* SDWebImageManager.m */; };
		DA8F89781B04338D00BC1AD6 /* SDWebImagePrefetcher.m in Sources */ = {isa = PBXBuildFile; fileRef = DA8F89641B04338D00BC1AD6 /* SDWebImagePrefetcher.m */; };
		DA8F89791B04338D00BC1AD6 /* UIButton+WebCache.m in Sources */ = {isa = PBXBuildFile; fileRef = DA8F89661B04338D00BC1AD6 /* UIButton+WebCache.m */; };
		DA8F897A1B04338D00BC1AD6 /* UIImage+GIF.m in Sources */ = {isa = PBXBuildFile; fileRef = DA8F89681B04338D00BC1AD6 /* UIImage+GIF.m */; };
		DA8F897B1B04338D00BC1AD6 /* UIImage+MultiFormat.m in Sources */ = {isa = PBXBuildFile; fileRef = DA8F896A1B04338D00BC1AD6 /* UIImage+MultiFormat.m */; };
		DA8F897C1B04338D00BC1AD6 /* UIImageView+HighlightedWebCache.m in Sources */ = {isa = PBXBuildFile; fileRef = DA8F896C1B04338D00BC1AD6 /* UIImageView+HighlightedWebCache.m */; };
		DA8F897D1B04338D00BC1AD6 /* UIImageView+WebCache.m in Sources */ = {isa = PBXBuildFile; fileRef = DA8F896E1B04338D00BC1AD6 /* UIImageView+WebCache.m */; };
		DA8F897E1B04338D00BC1AD6 /* UIView+WebCacheOperation.m in Sources */ = {isa = PBXBuildFile; fileRef = DA8F89701B04338D00BC1AD6 /* UIView+WebCacheOperation.m */; };
		DA8F89811B04904E00BC1AD6 /* BrowseHistoryViewController.m in Sources */ = {isa = PBXBuildFile; fileRef = DA8F89801B04904E00BC1AD6 /* BrowseHistoryViewController.m */; };
		DA8F89861B049A9800BC1AD6 /* BrowseHistoryTableViewCell.m in Sources */ = {isa = PBXBuildFile; fileRef = DA8F89851B049A9800BC1AD6 /* BrowseHistoryTableViewCell.m */; };
		DA8F89891B04AD3E00BC1AD6 /* SettingViewController.m in Sources */ = {isa = PBXBuildFile; fileRef = DA8F89881B04AD3E00BC1AD6 /* SettingViewController.m */; };
		DA98BA651AFF034D009FDECA /* Utility.m in Sources */ = {isa = PBXBuildFile; fileRef = DA98BA641AFF034D009FDECA /* Utility.m */; };
		DA98BA6B1AFF04D1009FDECA /* DiscoverViewController.m in Sources */ = {isa = PBXBuildFile; fileRef = DA98BA6A1AFF04D1009FDECA /* DiscoverViewController.m */; };
		DA98BA6E1AFF04E0009FDECA /* HomeViewController.m in Sources */ = {isa = PBXBuildFile; fileRef = DA98BA6D1AFF04E0009FDECA /* HomeViewController.m */; };
		DA98BA711AFF04F0009FDECA /* ShopCartViewController.m in Sources */ = {isa = PBXBuildFile; fileRef = DA98BA701AFF04F0009FDECA /* ShopCartViewController.m */; };
		DA98BA751AFF060E009FDECA /* ClassifyViewController.m in Sources */ = {isa = PBXBuildFile; fileRef = DA98BA741AFF060E009FDECA /* ClassifyViewController.m */; };
		DA9B83261B12B7E600A3A227 /* LoginPasswordViewController.m in Sources */ = {isa = PBXBuildFile; fileRef = DA9B83251B12B7E600A3A227 /* LoginPasswordViewController.m */; };
		DA9B83E51B12C3B800A3A227 /* area.plist in Resources */ = {isa = PBXBuildFile; fileRef = DA9B83271B12C3B800A3A227 /* area.plist */; };
		DA9B83E61B12C3B800A3A227 /* city.plist in Resources */ = {isa = PBXBuildFile; fileRef = DA9B83281B12C3B800A3A227 /* city.plist */; };
		DA9B843A1B13117500A3A227 /* CreateNewAddressViewController.m in Sources */ = {isa = PBXBuildFile; fileRef = DA9B84391B13117500A3A227 /* CreateNewAddressViewController.m */; };
		DAD1ED7A1B0ADEB700C21EF3 /* MyCollectionViewController.m in Sources */ = {isa = PBXBuildFile; fileRef = DAD1ED791B0ADEB700C21EF3 /* MyCollectionViewController.m */; };
		DAD1ED7D1B0B1C1C00C21EF3 /* MyCollectionCommodityTableViewCell.m in Sources */ = {isa = PBXBuildFile; fileRef = DAD1ED7C1B0B1C1C00C21EF3 /* MyCollectionCommodityTableViewCell.m */; };
		DAD1ED801B0B1C3300C21EF3 /* MycollectionShopTableViewCell.m in Sources */ = {isa = PBXBuildFile; fileRef = DAD1ED7F1B0B1C3300C21EF3 /* MycollectionShopTableViewCell.m */; };
		DAD1ED861B0B3EC300C21EF3 /* MessageCenterViewController.m in Sources */ = {isa = PBXBuildFile; fileRef = DAD1ED851B0B3EC300C21EF3 /* MessageCenterViewController.m */; };
		DAD1ED891B0B3FDF00C21EF3 /* TQStarRatingView.m in Sources */ = {isa = PBXBuildFile; fileRef = DAD1ED881B0B3FDF00C21EF3 /* TQStarRatingView.m */; };
		DAD1ED8C1B0B440C00C21EF3 /* MessageTableViewCell.m in Sources */ = {isa = PBXBuildFile; fileRef = DAD1ED8B1B0B440C00C21EF3 /* MessageTableViewCell.m */; };
/* End PBXBuildFile section */

/* Begin PBXContainerItemProxy section */
		DA66C6A41AD8EBAE00FBC19C /* PBXContainerItemProxy */ = {
			isa = PBXContainerItemProxy;
			containerPortal = DA66C6821AD8EBAD00FBC19C /* Project object */;
			proxyType = 1;
			remoteGlobalIDString = DA66C6891AD8EBAD00FBC19C;
			remoteInfo = ZSFlower;
		};
/* End PBXContainerItemProxy section */

/* Begin PBXFileReference section */
		DA07C98B1B0728BE00DDF656 /* BankCardViewController.h */ = {isa = PBXFileReference; fileEncoding = 4; lastKnownFileType = sourcecode.c.h; path = BankCardViewController.h; sourceTree = "<group>"; };
		DA07C98C1B0728BE00DDF656 /* BankCardViewController.m */ = {isa = PBXFileReference; fileEncoding = 4; lastKnownFileType = sourcecode.c.objc; path = BankCardViewController.m; sourceTree = "<group>"; };
		DA07C98E1B072BCC00DDF656 /* BankCardManagerTableViewCell.h */ = {isa = PBXFileReference; fileEncoding = 4; lastKnownFileType = sourcecode.c.h; path = BankCardManagerTableViewCell.h; sourceTree = "<group>"; };
		DA07C98F1B072BCC00DDF656 /* BankCardManagerTableViewCell.m */ = {isa = PBXFileReference; fileEncoding = 4; lastKnownFileType = sourcecode.c.objc; path = BankCardManagerTableViewCell.m; sourceTree = "<group>"; };
		DA07C9911B0738F600DDF656 /* AddressViewController.h */ = {isa = PBXFileReference; fileEncoding = 4; lastKnownFileType = sourcecode.c.h; path = AddressViewController.h; sourceTree = "<group>"; };
		DA07C9921B0738F600DDF656 /* AddressViewController.m */ = {isa = PBXFileReference; fileEncoding = 4; lastKnownFileType = sourcecode.c.objc; path = AddressViewController.m; sourceTree = "<group>"; };
		DA07C9941B073BDD00DDF656 /* personalInfoViewController.h */ = {isa = PBXFileReference; fileEncoding = 4; lastKnownFileType = sourcecode.c.h; path = personalInfoViewController.h; sourceTree = "<group>"; };
		DA07C9951B073BDD00DDF656 /* personalInfoViewController.m */ = {isa = PBXFileReference; fileEncoding = 4; lastKnownFileType = sourcecode.c.objc; path = personalInfoViewController.m; sourceTree = "<group>"; };
		DA0DB0161AF7264000806854 /* LoginViewController.h */ = {isa = PBXFileReference; fileEncoding = 4; lastKnownFileType = sourcecode.c.h; path = LoginViewController.h; sourceTree = "<group>"; };
		DA0DB0171AF7264000806854 /* LoginViewController.m */ = {isa = PBXFileReference; fileEncoding = 4; lastKnownFileType = sourcecode.c.objc; path = LoginViewController.m; sourceTree = "<group>"; };
		DA0DB01A1AF7264000806854 /* RegisterViewController.h */ = {isa = PBXFileReference; fileEncoding = 4; lastKnownFileType = sourcecode.c.h; path = RegisterViewController.h; sourceTree = "<group>"; };
		DA0DB01B1AF7264000806854 /* RegisterViewController.m */ = {isa = PBXFileReference; fileEncoding = 4; lastKnownFileType = sourcecode.c.objc; path = RegisterViewController.m; sourceTree = "<group>"; };
		DA0DB0251AF777D000806854 /* PassWordGetBackViewController.h */ = {isa = PBXFileReference; fileEncoding = 4; lastKnownFileType = sourcecode.c.h; path = PassWordGetBackViewController.h; sourceTree = "<group>"; };
		DA0DB0261AF777D000806854 /* PassWordGetBackViewController.m */ = {isa = PBXFileReference; fileEncoding = 4; lastKnownFileType = sourcecode.c.objc; path = PassWordGetBackViewController.m; sourceTree = "<group>"; };
		DA5E6FFE1AF86D050060040C /* PopupNotify.h */ = {isa = PBXFileReference; fileEncoding = 4; lastKnownFileType = sourcecode.c.h; path = PopupNotify.h; sourceTree = "<group>"; };
		DA5E6FFF1AF86D050060040C /* PopupNotify.m */ = {isa = PBXFileReference; fileEncoding = 4; lastKnownFileType = sourcecode.c.objc; path = PopupNotify.m; sourceTree = "<group>"; };
		DA5E70011AF8990E0060040C /* NSString+Utility.h */ = {isa = PBXFileReference; fileEncoding = 4; lastKnownFileType = sourcecode.c.h; path = "NSString+Utility.h"; sourceTree = "<group>"; };
		DA5E70021AF8990E0060040C /* NSString+Utility.m */ = {isa = PBXFileReference; fileEncoding = 4; lastKnownFileType = sourcecode.c.objc; path = "NSString+Utility.m"; sourceTree = "<group>"; };
		DA5E70051AF899CA0060040C /* AESCrypt.h */ = {isa = PBXFileReference; fileEncoding = 4; lastKnownFileType = sourcecode.c.h; path = AESCrypt.h; sourceTree = "<group>"; };
		DA5E70061AF899CA0060040C /* AESCrypt.m */ = {isa = PBXFileReference; fileEncoding = 4; lastKnownFileType = sourcecode.c.objc; path = AESCrypt.m; sourceTree = "<group>"; };
		DA5E70071AF899CA0060040C /* DLThreeDESCrypt.h */ = {isa = PBXFileReference; fileEncoding = 4; lastKnownFileType = sourcecode.c.h; path = DLThreeDESCrypt.h; sourceTree = "<group>"; };
		DA5E70081AF899CA0060040C /* DLThreeDESCrypt.m */ = {isa = PBXFileReference; fileEncoding = 4; lastKnownFileType = sourcecode.c.objc; path = DLThreeDESCrypt.m; sourceTree = "<group>"; };
		DA5E70091AF899CA0060040C /* NSData+CommonCrypto.h */ = {isa = PBXFileReference; fileEncoding = 4; lastKnownFileType = sourcecode.c.h; path = "NSData+CommonCrypto.h"; sourceTree = "<group>"; };
		DA5E700A1AF899CA0060040C /* NSData+CommonCrypto.m */ = {isa = PBXFileReference; fileEncoding = 4; lastKnownFileType = sourcecode.c.objc; path = "NSData+CommonCrypto.m"; sourceTree = "<group>"; };
		DA5E700B1AF899CA0060040C /* NSData+Encryption.h */ = {isa = PBXFileReference; fileEncoding = 4; lastKnownFileType = sourcecode.c.h; path = "NSData+Encryption.h"; sourceTree = "<group>"; };
		DA5E700C1AF899CA0060040C /* NSData+Encryption.m */ = {isa = PBXFileReference; fileEncoding = 4; lastKnownFileType = sourcecode.c.objc; path = "NSData+Encryption.m"; sourceTree = "<group>"; };
		DA5E700D1AF899CA0060040C /* NSString+Base64.h */ = {isa = PBXFileReference; fileEncoding = 4; lastKnownFileType = sourcecode.c.h; path = "NSString+Base64.h"; sourceTree = "<group>"; };
		DA5E700E1AF899CA0060040C /* NSString+Base64.m */ = {isa = PBXFileReference; fileEncoding = 4; lastKnownFileType = sourcecode.c.objc; path = "NSString+Base64.m"; sourceTree = "<group>"; };
		DA5E70141AF89A6E0060040C /* NSArray+Comparisons.h */ = {isa = PBXFileReference; fileEncoding = 4; lastKnownFileType = sourcecode.c.h; path = "NSArray+Comparisons.h"; sourceTree = "<group>"; };
		DA5E70151AF89A6E0060040C /* NSArray+Comparisons.m */ = {isa = PBXFileReference; fileEncoding = 4; lastKnownFileType = sourcecode.c.objc; path = "NSArray+Comparisons.m"; sourceTree = "<group>"; };
		DA5E70161AF89A6E0060040C /* NSData+Base64.h */ = {isa = PBXFileReference; fileEncoding = 4; lastKnownFileType = sourcecode.c.h; path = "NSData+Base64.h"; sourceTree = "<group>"; };
		DA5E70171AF89A6E0060040C /* NSData+Base64.m */ = {isa = PBXFileReference; fileEncoding = 4; lastKnownFileType = sourcecode.c.objc; path = "NSData+Base64.m"; sourceTree = "<group>"; };
		DA5E70181AF89A6E0060040C /* NSDictionary+Extensions.h */ = {isa = PBXFileReference; fileEncoding = 4; lastKnownFileType = sourcecode.c.h; path = "NSDictionary+Extensions.h"; sourceTree = "<group>"; };
		DA5E70191AF89A6E0060040C /* NSDictionary+Extensions.m */ = {isa = PBXFileReference; fileEncoding = 4; lastKnownFileType = sourcecode.c.objc; path = "NSDictionary+Extensions.m"; sourceTree = "<group>"; };
		DA5E701A1AF89A6E0060040C /* NSMutableArray+QueueAdditions.h */ = {isa = PBXFileReference; fileEncoding = 4; lastKnownFileType = sourcecode.c.h; path = "NSMutableArray+QueueAdditions.h"; sourceTree = "<group>"; };
		DA5E701B1AF89A6E0060040C /* NSMutableArray+QueueAdditions.m */ = {isa = PBXFileReference; fileEncoding = 4; lastKnownFileType = sourcecode.c.objc; path = "NSMutableArray+QueueAdditions.m"; sourceTree = "<group>"; };
		DA5E701C1AF89A6E0060040C /* UIDevice+Extensions.h */ = {isa = PBXFileReference; fileEncoding = 4; lastKnownFileType = sourcecode.c.h; path = "UIDevice+Extensions.h"; sourceTree = "<group>"; };
		DA5E701D1AF89A6E0060040C /* UIDevice+Extensions.m */ = {isa = PBXFileReference; fileEncoding = 4; lastKnownFileType = sourcecode.c.objc; path = "UIDevice+Extensions.m"; sourceTree = "<group>"; };
		DA66C68A1AD8EBAD00FBC19C /* ZSFlower.app */ = {isa = PBXFileReference; explicitFileType = wrapper.application; includeInIndex = 0; path = ZSFlower.app; sourceTree = BUILT_PRODUCTS_DIR; };
		DA66C68E1AD8EBAD00FBC19C /* Info.plist */ = {isa = PBXFileReference; lastKnownFileType = text.plist.xml; path = Info.plist; sourceTree = "<group>"; };
		DA66C68F1AD8EBAD00FBC19C /* main.m */ = {isa = PBXFileReference; lastKnownFileType = sourcecode.c.objc; path = main.m; sourceTree = "<group>"; };
		DA66C6911AD8EBAD00FBC19C /* AppDelegate.h */ = {isa = PBXFileReference; lastKnownFileType = sourcecode.c.h; path = AppDelegate.h; sourceTree = "<group>"; };
		DA66C6921AD8EBAD00FBC19C /* AppDelegate.m */ = {isa = PBXFileReference; lastKnownFileType = sourcecode.c.objc; path = AppDelegate.m; sourceTree = "<group>"; };
		DA66C6981AD8EBAD00FBC19C /* Base */ = {isa = PBXFileReference; lastKnownFileType = file.storyboard; name = Base; path = Base.lproj/Main.storyboard; sourceTree = "<group>"; };
		DA66C69D1AD8EBAD00FBC19C /* Base */ = {isa = PBXFileReference; lastKnownFileType = file.xib; name = Base; path = Base.lproj/LaunchScreen.xib; sourceTree = "<group>"; };
		DA66C6A31AD8EBAE00FBC19C /* ZSFlowerTests.xctest */ = {isa = PBXFileReference; explicitFileType = wrapper.cfbundle; includeInIndex = 0; path = ZSFlowerTests.xctest; sourceTree = BUILT_PRODUCTS_DIR; };
		DA66C6A81AD8EBAE00FBC19C /* Info.plist */ = {isa = PBXFileReference; lastKnownFileType = text.plist.xml; path = Info.plist; sourceTree = "<group>"; };
		DA66C6A91AD8EBAE00FBC19C /* ZSFlowerTests.m */ = {isa = PBXFileReference; lastKnownFileType = sourcecode.c.objc; path = ZSFlowerTests.m; sourceTree = "<group>"; };
		DA66C6BB1AD8F13C00FBC19C /* Images.xcassets */ = {isa = PBXFileReference; lastKnownFileType = folder.assetcatalog; name = Images.xcassets; path = ZSFlower/Images.xcassets; sourceTree = "<group>"; };
		DA66C6C01AD8F4A100FBC19C /* BaseViewController.h */ = {isa = PBXFileReference; fileEncoding = 4; lastKnownFileType = sourcecode.c.h; path = BaseViewController.h; sourceTree = "<group>"; };
		DA66C6C11AD8F4A100FBC19C /* BaseViewController.m */ = {isa = PBXFileReference; fileEncoding = 4; lastKnownFileType = sourcecode.c.objc; path = BaseViewController.m; sourceTree = "<group>"; };
		DA66C6C21AD8F4A100FBC19C /* CustomNavigationController.h */ = {isa = PBXFileReference; fileEncoding = 4; lastKnownFileType = sourcecode.c.h; path = CustomNavigationController.h; sourceTree = "<group>"; };
		DA66C6C31AD8F4A100FBC19C /* CustomNavigationController.m */ = {isa = PBXFileReference; fileEncoding = 4; lastKnownFileType = sourcecode.c.objc; path = CustomNavigationController.m; sourceTree = "<group>"; };
		DA66C6CA1AD8F6B900FBC19C /* UIViewAdditions.h */ = {isa = PBXFileReference; fileEncoding = 4; lastKnownFileType = sourcecode.c.h; path = UIViewAdditions.h; sourceTree = "<group>"; };
		DA66C6CB1AD8F6B900FBC19C /* UIViewAdditions.m */ = {isa = PBXFileReference; fileEncoding = 4; lastKnownFileType = sourcecode.c.objc; path = UIViewAdditions.m; sourceTree = "<group>"; };
		DA66C7031AD8F8E300FBC19C /* ZS-PrefixHeader.pch */ = {isa = PBXFileReference; lastKnownFileType = sourcecode.c.h; path = "ZS-PrefixHeader.pch"; sourceTree = "<group>"; };
		DA66C7041AD8FA6F00FBC19C /* ZSConfig.h */ = {isa = PBXFileReference; lastKnownFileType = sourcecode.c.h; path = ZSConfig.h; sourceTree = "<group>"; };
		DA66C7061AD8FC7600FBC19C /* PUUtil.h */ = {isa = PBXFileReference; fileEncoding = 4; lastKnownFileType = sourcecode.c.h; path = PUUtil.h; sourceTree = "<group>"; };
		DA66C7071AD8FC7600FBC19C /* PUUtil.m */ = {isa = PBXFileReference; fileEncoding = 4; lastKnownFileType = sourcecode.c.objc; path = PUUtil.m; sourceTree = "<group>"; };
		DA66C7091AD9005D00FBC19C /* Addtions.h */ = {isa = PBXFileReference; fileEncoding = 4; lastKnownFileType = sourcecode.c.h; path = Addtions.h; sourceTree = "<group>"; };
		DA66C70A1AD9005D00FBC19C /* Addtions.m */ = {isa = PBXFileReference; fileEncoding = 4; lastKnownFileType = sourcecode.c.objc; path = Addtions.m; sourceTree = "<group>"; };
		DA66C71A1AD9240B00FBC19C /* LoginManager.h */ = {isa = PBXFileReference; fileEncoding = 4; lastKnownFileType = sourcecode.c.h; path = LoginManager.h; sourceTree = "<group>"; };
		DA66C71B1AD9240B00FBC19C /* LoginManager.m */ = {isa = PBXFileReference; fileEncoding = 4; lastKnownFileType = sourcecode.c.objc; path = LoginManager.m; sourceTree = "<group>"; };
		DA72E7061B059EBF000BF140 /* SettingTableViewCell.h */ = {isa = PBXFileReference; fileEncoding = 4; lastKnownFileType = sourcecode.c.h; path = SettingTableViewCell.h; sourceTree = "<group>"; };
		DA72E7071B059EBF000BF140 /* SettingTableViewCell.m */ = {isa = PBXFileReference; fileEncoding = 4; lastKnownFileType = sourcecode.c.objc; path = SettingTableViewCell.m; sourceTree = "<group>"; };
		DA72E7091B05A2C3000BF140 /* Global.h */ = {isa = PBXFileReference; fileEncoding = 4; lastKnownFileType = sourcecode.c.h; path = Global.h; sourceTree = "<group>"; };
		DA72E70A1B05A2C3000BF140 /* Global.m */ = {isa = PBXFileReference; fileEncoding = 4; lastKnownFileType = sourcecode.c.objc; path = Global.m; sourceTree = "<group>"; };
		DA72E70C1B05D1DF000BF140 /* FeedbackViewController.h */ = {isa = PBXFileReference; fileEncoding = 4; lastKnownFileType = sourcecode.c.h; path = FeedbackViewController.h; sourceTree = "<group>"; };
		DA72E70D1B05D1DF000BF140 /* FeedbackViewController.m */ = {isa = PBXFileReference; fileEncoding = 4; lastKnownFileType = sourcecode.c.objc; path = FeedbackViewController.m; sourceTree = "<group>"; };
		DA72E7101B05EC43000BF140 /* FeedBackSelectTypeView.h */ = {isa = PBXFileReference; fileEncoding = 4; lastKnownFileType = sourcecode.c.h; path = FeedBackSelectTypeView.h; sourceTree = "<group>"; };
		DA72E7111B05EC43000BF140 /* FeedBackSelectTypeView.m */ = {isa = PBXFileReference; fileEncoding = 4; lastKnownFileType = sourcecode.c.objc; path = FeedBackSelectTypeView.m; sourceTree = "<group>"; };
		DA77ECEA1B0EBB0F00F00718 /* AccountSafeViewController.h */ = {isa = PBXFileReference; fileEncoding = 4; lastKnownFileType = sourcecode.c.h; path = AccountSafeViewController.h; sourceTree = "<group>"; };
		DA77ECEB1B0EBB0F00F00718 /* AccountSafeViewController.m */ = {isa = PBXFileReference; fileEncoding = 4; lastKnownFileType = sourcecode.c.objc; path = AccountSafeViewController.m; sourceTree = "<group>"; };
		DA77ECED1B0EFE2700F00718 /* ChangeBindMobileViewController.h */ = {isa = PBXFileReference; fileEncoding = 4; lastKnownFileType = sourcecode.c.h; path = ChangeBindMobileViewController.h; sourceTree = "<group>"; };
		DA77ECEE1B0EFE2700F00718 /* ChangeBindMobileViewController.m */ = {isa = PBXFileReference; fileEncoding = 4; lastKnownFileType = sourcecode.c.objc; path = ChangeBindMobileViewController.m; sourceTree = "<group>"; };
		DA8154571B0DB499001349BD /* ServiceAndRefundViewController.h */ = {isa = PBXFileReference; fileEncoding = 4; lastKnownFileType = sourcecode.c.h; path = ServiceAndRefundViewController.h; sourceTree = "<group>"; };
		DA8154581B0DB499001349BD /* ServiceAndRefundViewController.m */ = {isa = PBXFileReference; fileEncoding = 4; lastKnownFileType = sourcecode.c.objc; path = ServiceAndRefundViewController.m; sourceTree = "<group>"; };
		DA81545A1B0DBC73001349BD /* ServiceAndRefundCell.h */ = {isa = PBXFileReference; fileEncoding = 4; lastKnownFileType = sourcecode.c.h; path = ServiceAndRefundCell.h; sourceTree = "<group>"; };
		DA81545B1B0DBC73001349BD /* ServiceAndRefundCell.m */ = {isa = PBXFileReference; fileEncoding = 4; lastKnownFileType = sourcecode.c.objc; path = ServiceAndRefundCell.m; sourceTree = "<group>"; };
		DA8691E31B0320E9005DB8F7 /* MyOrderViewController.h */ = {isa = PBXFileReference; fileEncoding = 4; lastKnownFileType = sourcecode.c.h; path = MyOrderViewController.h; sourceTree = "<group>"; };
		DA8691E41B0320E9005DB8F7 /* MyOrderViewController.m */ = {isa = PBXFileReference; fileEncoding = 4; lastKnownFileType = sourcecode.c.objc; path = MyOrderViewController.m; sourceTree = "<group>"; };
		DA8691E61B034A34005DB8F7 /* personalOrderTableViewCell.h */ = {isa = PBXFileReference; fileEncoding = 4; lastKnownFileType = sourcecode.c.h; name = personalOrderTableViewCell.h; path = ../personalOrderTableViewCell.h; sourceTree = "<group>"; };
		DA8691E71B034A34005DB8F7 /* personalOrderTableViewCell.m */ = {isa = PBXFileReference; fileEncoding = 4; lastKnownFileType = sourcecode.c.objc; name = personalOrderTableViewCell.m; path = ../personalOrderTableViewCell.m; sourceTree = "<group>"; };
		DA8A65E71AEDE0A9002F70CB /* RegexKitLite.h */ = {isa = PBXFileReference; fileEncoding = 4; lastKnownFileType = sourcecode.c.h; path = RegexKitLite.h; sourceTree = "<group>"; };
		DA8A65E81AEDE0A9002F70CB /* RegexKitLite.m */ = {isa = PBXFileReference; fileEncoding = 4; lastKnownFileType = sourcecode.c.objc; path = RegexKitLite.m; sourceTree = "<group>"; };
		DA8A65EB1AEDE249002F70CB /* CFNetwork.framework */ = {isa = PBXFileReference; lastKnownFileType = wrapper.framework; name = CFNetwork.framework; path = System/Library/Frameworks/CFNetwork.framework; sourceTree = SDKROOT; };
		DA8A65EC1AEDE249002F70CB /* CoreGraphics.framework */ = {isa = PBXFileReference; lastKnownFileType = wrapper.framework; name = CoreGraphics.framework; path = System/Library/Frameworks/CoreGraphics.framework; sourceTree = SDKROOT; };
		DA8A65ED1AEDE249002F70CB /* Foundation.framework */ = {isa = PBXFileReference; lastKnownFileType = wrapper.framework; name = Foundation.framework; path = System/Library/Frameworks/Foundation.framework; sourceTree = SDKROOT; };
		DA8A65EE1AEDE249002F70CB /* NetworkExtension.framework */ = {isa = PBXFileReference; lastKnownFileType = wrapper.framework; name = NetworkExtension.framework; path = System/Library/Frameworks/NetworkExtension.framework; sourceTree = SDKROOT; };
		DA8A65EF1AEDE249002F70CB /* SystemConfiguration.framework */ = {isa = PBXFileReference; lastKnownFileType = wrapper.framework; name = SystemConfiguration.framework; path = System/Library/Frameworks/SystemConfiguration.framework; sourceTree = SDKROOT; };
		DA8A65F01AEDE249002F70CB /* UIKit.framework */ = {isa = PBXFileReference; lastKnownFileType = wrapper.framework; name = UIKit.framework; path = System/Library/Frameworks/UIKit.framework; sourceTree = SDKROOT; };
		DA8A65F71AEDE291002F70CB /* AdSupport.framework */ = {isa = PBXFileReference; lastKnownFileType = wrapper.framework; name = AdSupport.framework; path = System/Library/Frameworks/AdSupport.framework; sourceTree = SDKROOT; };
		DA8A65F91AEDE39A002F70CB /* libicucore.dylib */ = {isa = PBXFileReference; lastKnownFileType = "compiled.mach-o.dylib"; name = libicucore.dylib; path = usr/lib/libicucore.dylib; sourceTree = SDKROOT; };
		DA8C9EA11B09899D002BE5F4 /* MobileCoreServices.framework */ = {isa = PBXFileReference; lastKnownFileType = wrapper.framework; name = MobileCoreServices.framework; path = System/Library/Frameworks/MobileCoreServices.framework; sourceTree = SDKROOT; };
		DA8C9EA31B09D03F002BE5F4 /* AddressManagerTableViewCell.h */ = {isa = PBXFileReference; fileEncoding = 4; lastKnownFileType = sourcecode.c.h; path = AddressManagerTableViewCell.h; sourceTree = "<group>"; };
		DA8C9EA41B09D03F002BE5F4 /* AddressManagerTableViewCell.m */ = {isa = PBXFileReference; fileEncoding = 4; lastKnownFileType = sourcecode.c.objc; path = AddressManagerTableViewCell.m; sourceTree = "<group>"; };
		DA8E59D01AF9F14200852CAE /* PasswordGetbackDetailViewController.h */ = {isa = PBXFileReference; fileEncoding = 4; lastKnownFileType = sourcecode.c.h; path = PasswordGetbackDetailViewController.h; sourceTree = "<group>"; };
		DA8E59D11AF9F14200852CAE /* PasswordGetbackDetailViewController.m */ = {isa = PBXFileReference; fileEncoding = 4; lastKnownFileType = sourcecode.c.objc; path = PasswordGetbackDetailViewController.m; sourceTree = "<group>"; };
		DA8E59D31AFB00FC00852CAE /* CustomTabBarController.h */ = {isa = PBXFileReference; fileEncoding = 4; lastKnownFileType = sourcecode.c.h; path = CustomTabBarController.h; sourceTree = "<group>"; };
		DA8E59D41AFB00FC00852CAE /* CustomTabBarController.m */ = {isa = PBXFileReference; fileEncoding = 4; lastKnownFileType = sourcecode.c.objc; path = CustomTabBarController.m; sourceTree = "<group>"; };
		DA8E59D61AFB035100852CAE /* NSDictionary+Additions.h */ = {isa = PBXFileReference; fileEncoding = 4; lastKnownFileType = sourcecode.c.h; path = "NSDictionary+Additions.h"; sourceTree = "<group>"; };
		DA8E59D71AFB035100852CAE /* NSDictionary+Additions.m */ = {isa = PBXFileReference; fileEncoding = 4; lastKnownFileType = sourcecode.c.objc; path = "NSDictionary+Additions.m"; sourceTree = "<group>"; };
		DA8E59DA1AFC8CD400852CAE /* PersonalViewController.h */ = {isa = PBXFileReference; fileEncoding = 4; lastKnownFileType = sourcecode.c.h; path = PersonalViewController.h; sourceTree = "<group>"; };
		DA8E59DB1AFC8CD400852CAE /* PersonalViewController.m */ = {isa = PBXFileReference; fileEncoding = 4; lastKnownFileType = sourcecode.c.objc; path = PersonalViewController.m; sourceTree = "<group>"; };
		DA8E59DD1AFCA17900852CAE /* PersonalTableViewCell.h */ = {isa = PBXFileReference; fileEncoding = 4; lastKnownFileType = sourcecode.c.h; name = PersonalTableViewCell.h; path = ../PersonalTableViewCell.h; sourceTree = "<group>"; };
		DA8E59DE1AFCA17900852CAE /* PersonalTableViewCell.m */ = {isa = PBXFileReference; fileEncoding = 4; lastKnownFileType = sourcecode.c.objc; name = PersonalTableViewCell.m; path = ../PersonalTableViewCell.m; sourceTree = "<group>"; };
		DA8E59E31AFCC4CD00852CAE /* CustomBadge.h */ = {isa = PBXFileReference; fileEncoding = 4; lastKnownFileType = sourcecode.c.h; path = CustomBadge.h; sourceTree = "<group>"; };
		DA8E59E41AFCC4CD00852CAE /* CustomBadge.m */ = {isa = PBXFileReference; fileEncoding = 4; lastKnownFileType = sourcecode.c.objc; path = CustomBadge.m; sourceTree = "<group>"; };
		DA8F89541B04338D00BC1AD6 /* NSData+ImageContentType.h */ = {isa = PBXFileReference; fileEncoding = 4; lastKnownFileType = sourcecode.c.h; path = "NSData+ImageContentType.h"; sourceTree = "<group>"; };
		DA8F89551B04338D00BC1AD6 /* NSData+ImageContentType.m */ = {isa = PBXFileReference; fileEncoding = 4; lastKnownFileType = sourcecode.c.objc; path = "NSData+ImageContentType.m"; sourceTree = "<group>"; };
		DA8F89561B04338D00BC1AD6 /* SDImageCache.h */ = {isa = PBXFileReference; fileEncoding = 4; lastKnownFileType = sourcecode.c.h; path = SDImageCache.h; sourceTree = "<group>"; };
		DA8F89571B04338D00BC1AD6 /* SDImageCache.m */ = {isa = PBXFileReference; fileEncoding = 4; lastKnownFileType = sourcecode.c.objc; path = SDImageCache.m; sourceTree = "<group>"; };
		DA8F89581B04338D00BC1AD6 /* SDWebImageCompat.h */ = {isa = PBXFileReference; fileEncoding = 4; lastKnownFileType = sourcecode.c.h; path = SDWebImageCompat.h; sourceTree = "<group>"; };
		DA8F89591B04338D00BC1AD6 /* SDWebImageCompat.m */ = {isa = PBXFileReference; fileEncoding = 4; lastKnownFileType = sourcecode.c.objc; path = SDWebImageCompat.m; sourceTree = "<group>"; };
		DA8F895A1B04338D00BC1AD6 /* SDWebImageDecoder.h */ = {isa = PBXFileReference; fileEncoding = 4; lastKnownFileType = sourcecode.c.h; path = SDWebImageDecoder.h; sourceTree = "<group>"; };
		DA8F895B1B04338D00BC1AD6 /* SDWebImageDecoder.m */ = {isa = PBXFileReference; fileEncoding = 4; lastKnownFileType = sourcecode.c.objc; path = SDWebImageDecoder.m; sourceTree = "<group>"; };
		DA8F895C1B04338D00BC1AD6 /* SDWebImageDownloader.h */ = {isa = PBXFileReference; fileEncoding = 4; lastKnownFileType = sourcecode.c.h; path = SDWebImageDownloader.h; sourceTree = "<group>"; };
		DA8F895D1B04338D00BC1AD6 /* SDWebImageDownloader.m */ = {isa = PBXFileReference; fileEncoding = 4; lastKnownFileType = sourcecode.c.objc; path = SDWebImageDownloader.m; sourceTree = "<group>"; };
		DA8F895E1B04338D00BC1AD6 /* SDWebImageDownloaderOperation.h */ = {isa = PBXFileReference; fileEncoding = 4; lastKnownFileType = sourcecode.c.h; path = SDWebImageDownloaderOperation.h; sourceTree = "<group>"; };
		DA8F895F1B04338D00BC1AD6 /* SDWebImageDownloaderOperation.m */ = {isa = PBXFileReference; fileEncoding = 4; lastKnownFileType = sourcecode.c.objc; path = SDWebImageDownloaderOperation.m; sourceTree = "<group>"; };
		DA8F89601B04338D00BC1AD6 /* SDWebImageManager.h */ = {isa = PBXFileReference; fileEncoding = 4; lastKnownFileType = sourcecode.c.h; path = SDWebImageManager.h; sourceTree = "<group>"; };
		DA8F89611B04338D00BC1AD6 /* SDWebImageManager.m */ = {isa = PBXFileReference; fileEncoding = 4; lastKnownFileType = sourcecode.c.objc; path = SDWebImageManager.m; sourceTree = "<group>"; };
		DA8F89621B04338D00BC1AD6 /* SDWebImageOperation.h */ = {isa = PBXFileReference; fileEncoding = 4; lastKnownFileType = sourcecode.c.h; path = SDWebImageOperation.h; sourceTree = "<group>"; };
		DA8F89631B04338D00BC1AD6 /* SDWebImagePrefetcher.h */ = {isa = PBXFileReference; fileEncoding = 4; lastKnownFileType = sourcecode.c.h; path = SDWebImagePrefetcher.h; sourceTree = "<group>"; };
		DA8F89641B04338D00BC1AD6 /* SDWebImagePrefetcher.m */ = {isa = PBXFileReference; fileEncoding = 4; lastKnownFileType = sourcecode.c.objc; path = SDWebImagePrefetcher.m; sourceTree = "<group>"; };
		DA8F89651B04338D00BC1AD6 /* UIButton+WebCache.h */ = {isa = PBXFileReference; fileEncoding = 4; lastKnownFileType = sourcecode.c.h; path = "UIButton+WebCache.h"; sourceTree = "<group>"; };
		DA8F89661B04338D00BC1AD6 /* UIButton+WebCache.m */ = {isa = PBXFileReference; fileEncoding = 4; lastKnownFileType = sourcecode.c.objc; path = "UIButton+WebCache.m"; sourceTree = "<group>"; };
		DA8F89671B04338D00BC1AD6 /* UIImage+GIF.h */ = {isa = PBXFileReference; fileEncoding = 4; lastKnownFileType = sourcecode.c.h; path = "UIImage+GIF.h"; sourceTree = "<group>"; };
		DA8F89681B04338D00BC1AD6 /* UIImage+GIF.m */ = {isa = PBXFileReference; fileEncoding = 4; lastKnownFileType = sourcecode.c.objc; path = "UIImage+GIF.m"; sourceTree = "<group>"; };
		DA8F89691B04338D00BC1AD6 /* UIImage+MultiFormat.h */ = {isa = PBXFileReference; fileEncoding = 4; lastKnownFileType = sourcecode.c.h; path = "UIImage+MultiFormat.h"; sourceTree = "<group>"; };
		DA8F896A1B04338D00BC1AD6 /* UIImage+MultiFormat.m */ = {isa = PBXFileReference; fileEncoding = 4; lastKnownFileType = sourcecode.c.objc; path = "UIImage+MultiFormat.m"; sourceTree = "<group>"; };
		DA8F896B1B04338D00BC1AD6 /* UIImageView+HighlightedWebCache.h */ = {isa = PBXFileReference; fileEncoding = 4; lastKnownFileType = sourcecode.c.h; path = "UIImageView+HighlightedWebCache.h"; sourceTree = "<group>"; };
		DA8F896C1B04338D00BC1AD6 /* UIImageView+HighlightedWebCache.m */ = {isa = PBXFileReference; fileEncoding = 4; lastKnownFileType = sourcecode.c.objc; path = "UIImageView+HighlightedWebCache.m"; sourceTree = "<group>"; };
		DA8F896D1B04338D00BC1AD6 /* UIImageView+WebCache.h */ = {isa = PBXFileReference; fileEncoding = 4; lastKnownFileType = sourcecode.c.h; path = "UIImageView+WebCache.h"; sourceTree = "<group>"; };
		DA8F896E1B04338D00BC1AD6 /* UIImageView+WebCache.m */ = {isa = PBXFileReference; fileEncoding = 4; lastKnownFileType = sourcecode.c.objc; path = "UIImageView+WebCache.m"; sourceTree = "<group>"; };
		DA8F896F1B04338D00BC1AD6 /* UIView+WebCacheOperation.h */ = {isa = PBXFileReference; fileEncoding = 4; lastKnownFileType = sourcecode.c.h; path = "UIView+WebCacheOperation.h"; sourceTree = "<group>"; };
		DA8F89701B04338D00BC1AD6 /* UIView+WebCacheOperation.m */ = {isa = PBXFileReference; fileEncoding = 4; lastKnownFileType = sourcecode.c.objc; path = "UIView+WebCacheOperation.m"; sourceTree = "<group>"; };
		DA8F897F1B04904E00BC1AD6 /* BrowseHistoryViewController.h */ = {isa = PBXFileReference; fileEncoding = 4; lastKnownFileType = sourcecode.c.h; path = BrowseHistoryViewController.h; sourceTree = "<group>"; };
		DA8F89801B04904E00BC1AD6 /* BrowseHistoryViewController.m */ = {isa = PBXFileReference; fileEncoding = 4; lastKnownFileType = sourcecode.c.objc; path = BrowseHistoryViewController.m; sourceTree = "<group>"; };
		DA8F89841B049A9800BC1AD6 /* BrowseHistoryTableViewCell.h */ = {isa = PBXFileReference; fileEncoding = 4; lastKnownFileType = sourcecode.c.h; path = BrowseHistoryTableViewCell.h; sourceTree = "<group>"; };
		DA8F89851B049A9800BC1AD6 /* BrowseHistoryTableViewCell.m */ = {isa = PBXFileReference; fileEncoding = 4; lastKnownFileType = sourcecode.c.objc; path = BrowseHistoryTableViewCell.m; sourceTree = "<group>"; };
		DA8F89871B04AD3E00BC1AD6 /* SettingViewController.h */ = {isa = PBXFileReference; fileEncoding = 4; lastKnownFileType = sourcecode.c.h; path = SettingViewController.h; sourceTree = "<group>"; };
		DA8F89881B04AD3E00BC1AD6 /* SettingViewController.m */ = {isa = PBXFileReference; fileEncoding = 4; lastKnownFileType = sourcecode.c.objc; path = SettingViewController.m; sourceTree = "<group>"; };
		DA98BA631AFF034D009FDECA /* Utility.h */ = {isa = PBXFileReference; fileEncoding = 4; lastKnownFileType = sourcecode.c.h; path = Utility.h; sourceTree = "<group>"; };
		DA98BA641AFF034D009FDECA /* Utility.m */ = {isa = PBXFileReference; fileEncoding = 4; lastKnownFileType = sourcecode.c.objc; path = Utility.m; sourceTree = "<group>"; };
		DA98BA691AFF04D1009FDECA /* DiscoverViewController.h */ = {isa = PBXFileReference; fileEncoding = 4; lastKnownFileType = sourcecode.c.h; path = DiscoverViewController.h; sourceTree = "<group>"; };
		DA98BA6A1AFF04D1009FDECA /* DiscoverViewController.m */ = {isa = PBXFileReference; fileEncoding = 4; lastKnownFileType = sourcecode.c.objc; path = DiscoverViewController.m; sourceTree = "<group>"; };
		DA98BA6C1AFF04E0009FDECA /* HomeViewController.h */ = {isa = PBXFileReference; fileEncoding = 4; lastKnownFileType = sourcecode.c.h; path = HomeViewController.h; sourceTree = "<group>"; };
		DA98BA6D1AFF04E0009FDECA /* HomeViewController.m */ = {isa = PBXFileReference; fileEncoding = 4; lastKnownFileType = sourcecode.c.objc; path = HomeViewController.m; sourceTree = "<group>"; };
		DA98BA6F1AFF04F0009FDECA /* ShopCartViewController.h */ = {isa = PBXFileReference; fileEncoding = 4; lastKnownFileType = sourcecode.c.h; path = ShopCartViewController.h; sourceTree = "<group>"; };
		DA98BA701AFF04F0009FDECA /* ShopCartViewController.m */ = {isa = PBXFileReference; fileEncoding = 4; lastKnownFileType = sourcecode.c.objc; path = ShopCartViewController.m; sourceTree = "<group>"; };
		DA98BA731AFF060E009FDECA /* ClassifyViewController.h */ = {isa = PBXFileReference; fileEncoding = 4; lastKnownFileType = sourcecode.c.h; path = ClassifyViewController.h; sourceTree = "<group>"; };
		DA98BA741AFF060E009FDECA /* ClassifyViewController.m */ = {isa = PBXFileReference; fileEncoding = 4; lastKnownFileType = sourcecode.c.objc; path = ClassifyViewController.m; sourceTree = "<group>"; };
		DA9B83241B12B7E600A3A227 /* LoginPasswordViewController.h */ = {isa = PBXFileReference; fileEncoding = 4; lastKnownFileType = sourcecode.c.h; path = LoginPasswordViewController.h; sourceTree = "<group>"; };
		DA9B83251B12B7E600A3A227 /* LoginPasswordViewController.m */ = {isa = PBXFileReference; fileEncoding = 4; lastKnownFileType = sourcecode.c.objc; path = LoginPasswordViewController.m; sourceTree = "<group>"; };
		DA9B83271B12C3B800A3A227 /* area.plist */ = {isa = PBXFileReference; fileEncoding = 4; lastKnownFileType = text.plist.xml; name = area.plist; path = ../../../area.plist; sourceTree = "<group>"; };
		DA9B83281B12C3B800A3A227 /* city.plist */ = {isa = PBXFileReference; fileEncoding = 4; lastKnownFileType = text.plist.xml; name = city.plist; path = ../../../city.plist; sourceTree = "<group>"; };
		DA9B84381B13117500A3A227 /* CreateNewAddressViewController.h */ = {isa = PBXFileReference; fileEncoding = 4; lastKnownFileType = sourcecode.c.h; path = CreateNewAddressViewController.h; sourceTree = "<group>"; };
		DA9B84391B13117500A3A227 /* CreateNewAddressViewController.m */ = {isa = PBXFileReference; fileEncoding = 4; lastKnownFileType = sourcecode.c.objc; path = CreateNewAddressViewController.m; sourceTree = "<group>"; };
		DAD1ED781B0ADEB700C21EF3 /* MyCollectionViewController.h */ = {isa = PBXFileReference; fileEncoding = 4; lastKnownFileType = sourcecode.c.h; name = MyCollectionViewController.h; path = ZSFlower/UI/MyCollectionViewController.h; sourceTree = SOURCE_ROOT; };
		DAD1ED791B0ADEB700C21EF3 /* MyCollectionViewController.m */ = {isa = PBXFileReference; fileEncoding = 4; lastKnownFileType = sourcecode.c.objc; name = MyCollectionViewController.m; path = ZSFlower/UI/MyCollectionViewController.m; sourceTree = SOURCE_ROOT; };
		DAD1ED7B1B0B1C1C00C21EF3 /* MyCollectionCommodityTableViewCell.h */ = {isa = PBXFileReference; fileEncoding = 4; lastKnownFileType = sourcecode.c.h; path = MyCollectionCommodityTableViewCell.h; sourceTree = "<group>"; };
		DAD1ED7C1B0B1C1C00C21EF3 /* MyCollectionCommodityTableViewCell.m */ = {isa = PBXFileReference; fileEncoding = 4; lastKnownFileType = sourcecode.c.objc; path = MyCollectionCommodityTableViewCell.m; sourceTree = "<group>"; };
		DAD1ED7E1B0B1C3300C21EF3 /* MycollectionShopTableViewCell.h */ = {isa = PBXFileReference; fileEncoding = 4; lastKnownFileType = sourcecode.c.h; path = MycollectionShopTableViewCell.h; sourceTree = "<group>"; };
		DAD1ED7F1B0B1C3300C21EF3 /* MycollectionShopTableViewCell.m */ = {isa = PBXFileReference; fileEncoding = 4; lastKnownFileType = sourcecode.c.objc; path = MycollectionShopTableViewCell.m; sourceTree = "<group>"; };
		DAD1ED841B0B3EC300C21EF3 /* MessageCenterViewController.h */ = {isa = PBXFileReference; fileEncoding = 4; lastKnownFileType = sourcecode.c.h; path = MessageCenterViewController.h; sourceTree = "<group>"; };
		DAD1ED851B0B3EC300C21EF3 /* MessageCenterViewController.m */ = {isa = PBXFileReference; fileEncoding = 4; lastKnownFileType = sourcecode.c.objc; path = MessageCenterViewController.m; sourceTree = "<group>"; };
		DAD1ED871B0B3FDF00C21EF3 /* TQStarRatingView.h */ = {isa = PBXFileReference; fileEncoding = 4; lastKnownFileType = sourcecode.c.h; path = TQStarRatingView.h; sourceTree = "<group>"; };
		DAD1ED881B0B3FDF00C21EF3 /* TQStarRatingView.m */ = {isa = PBXFileReference; fileEncoding = 4; lastKnownFileType = sourcecode.c.objc; path = TQStarRatingView.m; sourceTree = "<group>"; };
		DAD1ED8A1B0B440C00C21EF3 /* MessageTableViewCell.h */ = {isa = PBXFileReference; fileEncoding = 4; lastKnownFileType = sourcecode.c.h; path = MessageTableViewCell.h; sourceTree = "<group>"; };
		DAD1ED8B1B0B440C00C21EF3 /* MessageTableViewCell.m */ = {isa = PBXFileReference; fileEncoding = 4; lastKnownFileType = sourcecode.c.objc; path = MessageTableViewCell.m; sourceTree = "<group>"; };
/* End PBXFileReference section */

/* Begin PBXFrameworksBuildPhase section */
		DA66C6871AD8EBAD00FBC19C /* Frameworks */ = {
			isa = PBXFrameworksBuildPhase;
			buildActionMask = 2147483647;
			files = (
				DA8C9EA21B09899D002BE5F4 /* MobileCoreServices.framework in Frameworks */,
				DA8A65FA1AEDE39A002F70CB /* libicucore.dylib in Frameworks */,
				DA8A65F81AEDE291002F70CB /* AdSupport.framework in Frameworks */,
				DA8A65F11AEDE249002F70CB /* CFNetwork.framework in Frameworks */,
				DA8A65F21AEDE249002F70CB /* CoreGraphics.framework in Frameworks */,
				DA8A65F31AEDE249002F70CB /* Foundation.framework in Frameworks */,
				DA8A65F41AEDE249002F70CB /* NetworkExtension.framework in Frameworks */,
				DA8A65F51AEDE249002F70CB /* SystemConfiguration.framework in Frameworks */,
				DA8A65F61AEDE249002F70CB /* UIKit.framework in Frameworks */,
			);
			runOnlyForDeploymentPostprocessing = 0;
		};
		DA66C6A01AD8EBAE00FBC19C /* Frameworks */ = {
			isa = PBXFrameworksBuildPhase;
			buildActionMask = 2147483647;
			files = (
			);
			runOnlyForDeploymentPostprocessing = 0;
		};
/* End PBXFrameworksBuildPhase section */

/* Begin PBXGroup section */
		DA0DB0121AF7264000806854 /* UI */ = {
			isa = PBXGroup;
			children = (
				DA98BA721AFF05F6009FDECA /* ClassificationViewController */,
				DA98BA661AFF04A8009FDECA /* DiscoverViewController */,
				DA98BA671AFF04A8009FDECA /* HomeViewController */,
				DA98BA681AFF04A8009FDECA /* ShopCartViewController */,
				DA8E59D91AFC87D700852CAE /* PersonalController */,
				DA0DB0131AF7264000806854 /* LoginViewController */,
				DA0DB01E1AF7264000806854 /* UITableViewCell */,
				DA0DB01F1AF7264000806854 /* UIView */,
			);
			path = UI;
			sourceTree = "<group>";
		};
		DA0DB0131AF7264000806854 /* LoginViewController */ = {
			isa = PBXGroup;
			children = (
				DA0DB0161AF7264000806854 /* LoginViewController.h */,
				DA0DB0171AF7264000806854 /* LoginViewController.m */,
				DA0DB01A1AF7264000806854 /* RegisterViewController.h */,
				DA0DB01B1AF7264000806854 /* RegisterViewController.m */,
				DA0DB0251AF777D000806854 /* PassWordGetBackViewController.h */,
				DA0DB0261AF777D000806854 /* PassWordGetBackViewController.m */,
				DA8E59D01AF9F14200852CAE /* PasswordGetbackDetailViewController.h */,
				DA8E59D11AF9F14200852CAE /* PasswordGetbackDetailViewController.m */,
			);
			path = LoginViewController;
			sourceTree = "<group>";
		};
		DA0DB01E1AF7264000806854 /* UITableViewCell */ = {
			isa = PBXGroup;
			children = (
				DA8F89821B049A6100BC1AD6 /* personalTableCell */,
			);
			path = UITableViewCell;
			sourceTree = "<group>";
		};
		DA0DB01F1AF7264000806854 /* UIView */ = {
			isa = PBXGroup;
			children = (
				DA72E70F1B05EBF0000BF140 /* personal */,
			);
			path = UIView;
			sourceTree = "<group>";
		};
		DA5E70041AF899CA0060040C /* AES */ = {
			isa = PBXGroup;
			children = (
				DA5E70051AF899CA0060040C /* AESCrypt.h */,
				DA5E70061AF899CA0060040C /* AESCrypt.m */,
				DA5E70071AF899CA0060040C /* DLThreeDESCrypt.h */,
				DA5E70081AF899CA0060040C /* DLThreeDESCrypt.m */,
				DA5E70091AF899CA0060040C /* NSData+CommonCrypto.h */,
				DA5E700A1AF899CA0060040C /* NSData+CommonCrypto.m */,
				DA5E700B1AF899CA0060040C /* NSData+Encryption.h */,
				DA5E700C1AF899CA0060040C /* NSData+Encryption.m */,
				DA5E700D1AF899CA0060040C /* NSString+Base64.h */,
				DA5E700E1AF899CA0060040C /* NSString+Base64.m */,
			);
			path = AES;
			sourceTree = "<group>";
		};
		DA66C6811AD8EBAD00FBC19C = {
			isa = PBXGroup;
			children = (
				DA66C6BB1AD8F13C00FBC19C /* Images.xcassets */,
				DA66C68C1AD8EBAD00FBC19C /* ZSFlower */,
				DA66C6A61AD8EBAE00FBC19C /* ZSFlowerTests */,
				DA66C68B1AD8EBAD00FBC19C /* Products */,
			);
			sourceTree = "<group>";
		};
		DA66C68B1AD8EBAD00FBC19C /* Products */ = {
			isa = PBXGroup;
			children = (
				DA66C68A1AD8EBAD00FBC19C /* ZSFlower.app */,
				DA66C6A31AD8EBAE00FBC19C /* ZSFlowerTests.xctest */,
			);
			name = Products;
			sourceTree = "<group>";
		};
		DA66C68C1AD8EBAD00FBC19C /* ZSFlower */ = {
			isa = PBXGroup;
			children = (
				DA66C7191AD923EA00FBC19C /* LoginManager */,
				DA66C7051AD8FC5500FBC19C /* Puutil */,
				DA66C6C91AD8F66B00FBC19C /* Addition+Category */,
				DA66C6B31AD8F03600FBC19C /* CommHeader */,
				DA66C6B41AD8F03600FBC19C /* CommUI */,
				DA66C6B61AD8F03600FBC19C /* Model */,
				DA66C6B71AD8F03600FBC19C /* thirdPartyLibrary */,
				DA0DB0121AF7264000806854 /* UI */,
				DA66C6911AD8EBAD00FBC19C /* AppDelegate.h */,
				DA66C6921AD8EBAD00FBC19C /* AppDelegate.m */,
				DA66C6971AD8EBAD00FBC19C /* Main.storyboard */,
				DA66C69C1AD8EBAD00FBC19C /* LaunchScreen.xib */,
				DA66C68D1AD8EBAD00FBC19C /* Supporting Files */,
			);
			path = ZSFlower;
			sourceTree = "<group>";
		};
		DA66C68D1AD8EBAD00FBC19C /* Supporting Files */ = {
			isa = PBXGroup;
			children = (
				DA9B83271B12C3B800A3A227 /* area.plist */,
				DA9B83281B12C3B800A3A227 /* city.plist */,
				DA8A65EA1AEDE1EF002F70CB /* framework */,
				DA66C68E1AD8EBAD00FBC19C /* Info.plist */,
				DA66C68F1AD8EBAD00FBC19C /* main.m */,
				DA66C7031AD8F8E300FBC19C /* ZS-PrefixHeader.pch */,
			);
			name = "Supporting Files";
			sourceTree = "<group>";
		};
		DA66C6A61AD8EBAE00FBC19C /* ZSFlowerTests */ = {
			isa = PBXGroup;
			children = (
				DA66C6A91AD8EBAE00FBC19C /* ZSFlowerTests.m */,
				DA66C6A71AD8EBAE00FBC19C /* Supporting Files */,
			);
			path = ZSFlowerTests;
			sourceTree = "<group>";
		};
		DA66C6A71AD8EBAE00FBC19C /* Supporting Files */ = {
			isa = PBXGroup;
			children = (
				DA66C6A81AD8EBAE00FBC19C /* Info.plist */,
			);
			name = "Supporting Files";
			sourceTree = "<group>";
		};
		DA66C6B31AD8F03600FBC19C /* CommHeader */ = {
			isa = PBXGroup;
			children = (
				DA72E7091B05A2C3000BF140 /* Global.h */,
				DA72E70A1B05A2C3000BF140 /* Global.m */,
				DA66C7041AD8FA6F00FBC19C /* ZSConfig.h */,
			);
			path = CommHeader;
			sourceTree = "<group>";
		};
		DA66C6B41AD8F03600FBC19C /* CommUI */ = {
			isa = PBXGroup;
			children = (
				DA8E59E31AFCC4CD00852CAE /* CustomBadge.h */,
				DA8E59E41AFCC4CD00852CAE /* CustomBadge.m */,
				DA8E59D31AFB00FC00852CAE /* CustomTabBarController.h */,
				DA8E59D41AFB00FC00852CAE /* CustomTabBarController.m */,
				DA66C6C01AD8F4A100FBC19C /* BaseViewController.h */,
				DA66C6C11AD8F4A100FBC19C /* BaseViewController.m */,
				DA66C6C21AD8F4A100FBC19C /* CustomNavigationController.h */,
				DA66C6C31AD8F4A100FBC19C /* CustomNavigationController.m */,
			);
			path = CommUI;
			sourceTree = "<group>";
		};
		DA66C6B61AD8F03600FBC19C /* Model */ = {
			isa = PBXGroup;
			children = (
			);
			path = Model;
			sourceTree = "<group>";
		};
		DA66C6B71AD8F03600FBC19C /* thirdPartyLibrary */ = {
			isa = PBXGroup;
			children = (
				DA8F89531B04338D00BC1AD6 /* SDWebImage */,
				DA5E70041AF899CA0060040C /* AES */,
				DA66C7151AD9236B00FBC19C /* Regex */,
			);
			path = thirdPartyLibrary;
			sourceTree = "<group>";
		};
		DA66C6C91AD8F66B00FBC19C /* Addition+Category */ = {
			isa = PBXGroup;
			children = (
				DA8E59D61AFB035100852CAE /* NSDictionary+Additions.h */,
				DA8E59D71AFB035100852CAE /* NSDictionary+Additions.m */,
				DA5E70141AF89A6E0060040C /* NSArray+Comparisons.h */,
				DA5E70151AF89A6E0060040C /* NSArray+Comparisons.m */,
				DA5E70161AF89A6E0060040C /* NSData+Base64.h */,
				DA5E70171AF89A6E0060040C /* NSData+Base64.m */,
				DA5E70181AF89A6E0060040C /* NSDictionary+Extensions.h */,
				DA5E70191AF89A6E0060040C /* NSDictionary+Extensions.m */,
				DA5E701A1AF89A6E0060040C /* NSMutableArray+QueueAdditions.h */,
				DA5E701B1AF89A6E0060040C /* NSMutableArray+QueueAdditions.m */,
				DA5E701C1AF89A6E0060040C /* UIDevice+Extensions.h */,
				DA5E701D1AF89A6E0060040C /* UIDevice+Extensions.m */,
				DA5E70011AF8990E0060040C /* NSString+Utility.h */,
				DA5E70021AF8990E0060040C /* NSString+Utility.m */,
				DA5E6FFE1AF86D050060040C /* PopupNotify.h */,
				DA5E6FFF1AF86D050060040C /* PopupNotify.m */,
				DA66C7091AD9005D00FBC19C /* Addtions.h */,
				DA66C70A1AD9005D00FBC19C /* Addtions.m */,
				DA66C6CA1AD8F6B900FBC19C /* UIViewAdditions.h */,
				DA66C6CB1AD8F6B900FBC19C /* UIViewAdditions.m */,
			);
			path = "Addition+Category";
			sourceTree = "<group>";
		};
		DA66C7051AD8FC5500FBC19C /* Puutil */ = {
			isa = PBXGroup;
			children = (
				DA66C7061AD8FC7600FBC19C /* PUUtil.h */,
				DA66C7071AD8FC7600FBC19C /* PUUtil.m */,
				DA98BA631AFF034D009FDECA /* Utility.h */,
				DA98BA641AFF034D009FDECA /* Utility.m */,
			);
			path = Puutil;
			sourceTree = "<group>";
		};
		DA66C7151AD9236B00FBC19C /* Regex */ = {
			isa = PBXGroup;
			children = (
				DA8A65E71AEDE0A9002F70CB /* RegexKitLite.h */,
				DA8A65E81AEDE0A9002F70CB /* RegexKitLite.m */,
			);
			path = Regex;
			sourceTree = "<group>";
		};
		DA66C7191AD923EA00FBC19C /* LoginManager */ = {
			isa = PBXGroup;
			children = (
				DA66C71A1AD9240B00FBC19C /* LoginManager.h */,
				DA66C71B1AD9240B00FBC19C /* LoginManager.m */,
			);
			path = LoginManager;
			sourceTree = "<group>";
		};
		DA72E70F1B05EBF0000BF140 /* personal */ = {
			isa = PBXGroup;
			children = (
				DAD1ED871B0B3FDF00C21EF3 /* TQStarRatingView.h */,
				DAD1ED881B0B3FDF00C21EF3 /* TQStarRatingView.m */,
				DA72E7101B05EC43000BF140 /* FeedBackSelectTypeView.h */,
				DA72E7111B05EC43000BF140 /* FeedBackSelectTypeView.m */,
			);
			path = personal;
			sourceTree = "<group>";
		};
		DA8A65EA1AEDE1EF002F70CB /* framework */ = {
			isa = PBXGroup;
			children = (
				DA8C9EA11B09899D002BE5F4 /* MobileCoreServices.framework */,
				DA8A65F91AEDE39A002F70CB /* libicucore.dylib */,
				DA8A65F71AEDE291002F70CB /* AdSupport.framework */,
				DA8A65EB1AEDE249002F70CB /* CFNetwork.framework */,
				DA8A65EC1AEDE249002F70CB /* CoreGraphics.framework */,
				DA8A65ED1AEDE249002F70CB /* Foundation.framework */,
				DA8A65EE1AEDE249002F70CB /* NetworkExtension.framework */,
				DA8A65EF1AEDE249002F70CB /* SystemConfiguration.framework */,
				DA8A65F01AEDE249002F70CB /* UIKit.framework */,
			);
			path = framework;
			sourceTree = "<group>";
		};
		DA8E59D91AFC87D700852CAE /* PersonalController */ = {
			isa = PBXGroup;
			children = (
				DA8E59DA1AFC8CD400852CAE /* PersonalViewController.h */,
				DA8E59DB1AFC8CD400852CAE /* PersonalViewController.m */,
				DA8691E31B0320E9005DB8F7 /* MyOrderViewController.h */,
				DA8691E41B0320E9005DB8F7 /* MyOrderViewController.m */,
				DA8F897F1B04904E00BC1AD6 /* BrowseHistoryViewController.h */,
				DA8F89801B04904E00BC1AD6 /* BrowseHistoryViewController.m */,
				DA8F89871B04AD3E00BC1AD6 /* SettingViewController.h */,
				DA8F89881B04AD3E00BC1AD6 /* SettingViewController.m */,
				DA72E70C1B05D1DF000BF140 /* FeedbackViewController.h */,
				DA72E70D1B05D1DF000BF140 /* FeedbackViewController.m */,
				DA07C98B1B0728BE00DDF656 /* BankCardViewController.h */,
				DA07C98C1B0728BE00DDF656 /* BankCardViewController.m */,
				DA07C9911B0738F600DDF656 /* AddressViewController.h */,
				DA07C9921B0738F600DDF656 /* AddressViewController.m */,
				DA07C9941B073BDD00DDF656 /* personalInfoViewController.h */,
				DA07C9951B073BDD00DDF656 /* personalInfoViewController.m */,
				DAD1ED781B0ADEB700C21EF3 /* MyCollectionViewController.h */,
				DAD1ED791B0ADEB700C21EF3 /* MyCollectionViewController.m */,
				DAD1ED841B0B3EC300C21EF3 /* MessageCenterViewController.h */,
				DAD1ED851B0B3EC300C21EF3 /* MessageCenterViewController.m */,
				DA8154571B0DB499001349BD /* ServiceAndRefundViewController.h */,
				DA8154581B0DB499001349BD /* ServiceAndRefundViewController.m */,
				DA77ECEA1B0EBB0F00F00718 /* AccountSafeViewController.h */,
				DA77ECEB1B0EBB0F00F00718 /* AccountSafeViewController.m */,
				DA77ECED1B0EFE2700F00718 /* ChangeBindMobileViewController.h */,
				DA77ECEE1B0EFE2700F00718 /* ChangeBindMobileViewController.m */,
				DA9B83241B12B7E600A3A227 /* LoginPasswordViewController.h */,
				DA9B83251B12B7E600A3A227 /* LoginPasswordViewController.m */,
				DA9B84381B13117500A3A227 /* CreateNewAddressViewController.h */,
				DA9B84391B13117500A3A227 /* CreateNewAddressViewController.m */,
			);
			path = PersonalController;
			sourceTree = "<group>";
		};
		DA8F89531B04338D00BC1AD6 /* SDWebImage */ = {
			isa = PBXGroup;
			children = (
				DA8F89541B04338D00BC1AD6 /* NSData+ImageContentType.h */,
				DA8F89551B04338D00BC1AD6 /* NSData+ImageContentType.m */,
				DA8F89561B04338D00BC1AD6 /* SDImageCache.h */,
				DA8F89571B04338D00BC1AD6 /* SDImageCache.m */,
				DA8F89581B04338D00BC1AD6 /* SDWebImageCompat.h */,
				DA8F89591B04338D00BC1AD6 /* SDWebImageCompat.m */,
				DA8F895A1B04338D00BC1AD6 /* SDWebImageDecoder.h */,
				DA8F895B1B04338D00BC1AD6 /* SDWebImageDecoder.m */,
				DA8F895C1B04338D00BC1AD6 /* SDWebImageDownloader.h */,
				DA8F895D1B04338D00BC1AD6 /* SDWebImageDownloader.m */,
				DA8F895E1B04338D00BC1AD6 /* SDWebImageDownloaderOperation.h */,
				DA8F895F1B04338D00BC1AD6 /* SDWebImageDownloaderOperation.m */,
				DA8F89601B04338D00BC1AD6 /* SDWebImageManager.h */,
				DA8F89611B04338D00BC1AD6 /* SDWebImageManager.m */,
				DA8F89621B04338D00BC1AD6 /* SDWebImageOperation.h */,
				DA8F89631B04338D00BC1AD6 /* SDWebImagePrefetcher.h */,
				DA8F89641B04338D00BC1AD6 /* SDWebImagePrefetcher.m */,
				DA8F89651B04338D00BC1AD6 /* UIButton+WebCache.h */,
				DA8F89661B04338D00BC1AD6 /* UIButton+WebCache.m */,
				DA8F89671B04338D00BC1AD6 /* UIImage+GIF.h */,
				DA8F89681B04338D00BC1AD6 /* UIImage+GIF.m */,
				DA8F89691B04338D00BC1AD6 /* UIImage+MultiFormat.h */,
				DA8F896A1B04338D00BC1AD6 /* UIImage+MultiFormat.m */,
				DA8F896B1B04338D00BC1AD6 /* UIImageView+HighlightedWebCache.h */,
				DA8F896C1B04338D00BC1AD6 /* UIImageView+HighlightedWebCache.m */,
				DA8F896D1B04338D00BC1AD6 /* UIImageView+WebCache.h */,
				DA8F896E1B04338D00BC1AD6 /* UIImageView+WebCache.m */,
				DA8F896F1B04338D00BC1AD6 /* UIView+WebCacheOperation.h */,
				DA8F89701B04338D00BC1AD6 /* UIView+WebCacheOperation.m */,
			);
			path = SDWebImage;
			sourceTree = "<group>";
		};
		DA8F89821B049A6100BC1AD6 /* personalTableCell */ = {
			isa = PBXGroup;
			children = (
				DA72E7061B059EBF000BF140 /* SettingTableViewCell.h */,
				DA72E7071B059EBF000BF140 /* SettingTableViewCell.m */,
				DA8E59DD1AFCA17900852CAE /* PersonalTableViewCell.h */,
				DA8E59DE1AFCA17900852CAE /* PersonalTableViewCell.m */,
				DA8691E61B034A34005DB8F7 /* personalOrderTableViewCell.h */,
				DA8691E71B034A34005DB8F7 /* personalOrderTableViewCell.m */,
				DA8F89841B049A9800BC1AD6 /* BrowseHistoryTableViewCell.h */,
				DA8F89851B049A9800BC1AD6 /* BrowseHistoryTableViewCell.m */,
				DA07C98E1B072BCC00DDF656 /* BankCardManagerTableViewCell.h */,
				DA07C98F1B072BCC00DDF656 /* BankCardManagerTableViewCell.m */,
				DA8C9EA31B09D03F002BE5F4 /* AddressManagerTableViewCell.h */,
				DA8C9EA41B09D03F002BE5F4 /* AddressManagerTableViewCell.m */,
				DAD1ED7B1B0B1C1C00C21EF3 /* MyCollectionCommodityTableViewCell.h */,
				DAD1ED7C1B0B1C1C00C21EF3 /* MyCollectionCommodityTableViewCell.m */,
				DAD1ED7E1B0B1C3300C21EF3 /* MycollectionShopTableViewCell.h */,
				DAD1ED7F1B0B1C3300C21EF3 /* MycollectionShopTableViewCell.m */,
				DAD1ED8A1B0B440C00C21EF3 /* MessageTableViewCell.h */,
				DAD1ED8B1B0B440C00C21EF3 /* MessageTableViewCell.m */,
				DA81545A1B0DBC73001349BD /* ServiceAndRefundCell.h */,
				DA81545B1B0DBC73001349BD /* ServiceAndRefundCell.m */,
			);
			path = personalTableCell;
			sourceTree = "<group>";
		};
		DA98BA661AFF04A8009FDECA /* DiscoverViewController */ = {
			isa = PBXGroup;
			children = (
				DA98BA691AFF04D1009FDECA /* DiscoverViewController.h */,
				DA98BA6A1AFF04D1009FDECA /* DiscoverViewController.m */,
			);
			path = DiscoverViewController;
			sourceTree = "<group>";
		};
		DA98BA671AFF04A8009FDECA /* HomeViewController */ = {
			isa = PBXGroup;
			children = (
				DA98BA6C1AFF04E0009FDECA /* HomeViewController.h */,
				DA98BA6D1AFF04E0009FDECA /* HomeViewController.m */,
			);
			path = HomeViewController;
			sourceTree = "<group>";
		};
		DA98BA681AFF04A8009FDECA /* ShopCartViewController */ = {
			isa = PBXGroup;
			children = (
				DA98BA6F1AFF04F0009FDECA /* ShopCartViewController.h */,
				DA98BA701AFF04F0009FDECA /* ShopCartViewController.m */,
			);
			path = ShopCartViewController;
			sourceTree = "<group>";
		};
		DA98BA721AFF05F6009FDECA /* ClassificationViewController */ = {
			isa = PBXGroup;
			children = (
				DA98BA731AFF060E009FDECA /* ClassifyViewController.h */,
				DA98BA741AFF060E009FDECA /* ClassifyViewController.m */,
			);
			path = ClassificationViewController;
			sourceTree = "<group>";
		};
/* End PBXGroup section */

/* Begin PBXNativeTarget section */
		DA66C6891AD8EBAD00FBC19C /* ZSFlower */ = {
			isa = PBXNativeTarget;
			buildConfigurationList = DA66C6AD1AD8EBAE00FBC19C /* Build configuration list for PBXNativeTarget "ZSFlower" */;
			buildPhases = (
				DA66C6861AD8EBAD00FBC19C /* Sources */,
				DA66C6871AD8EBAD00FBC19C /* Frameworks */,
				DA66C6881AD8EBAD00FBC19C /* Resources */,
			);
			buildRules = (
			);
			dependencies = (
			);
			name = ZSFlower;
			productName = ZSFlower;
			productReference = DA66C68A1AD8EBAD00FBC19C /* ZSFlower.app */;
			productType = "com.apple.product-type.application";
		};
		DA66C6A21AD8EBAE00FBC19C /* ZSFlowerTests */ = {
			isa = PBXNativeTarget;
			buildConfigurationList = DA66C6B01AD8EBAE00FBC19C /* Build configuration list for PBXNativeTarget "ZSFlowerTests" */;
			buildPhases = (
				DA66C69F1AD8EBAE00FBC19C /* Sources */,
				DA66C6A01AD8EBAE00FBC19C /* Frameworks */,
				DA66C6A11AD8EBAE00FBC19C /* Resources */,
			);
			buildRules = (
			);
			dependencies = (
				DA66C6A51AD8EBAE00FBC19C /* PBXTargetDependency */,
			);
			name = ZSFlowerTests;
			productName = ZSFlowerTests;
			productReference = DA66C6A31AD8EBAE00FBC19C /* ZSFlowerTests.xctest */;
			productType = "com.apple.product-type.bundle.unit-test";
		};
/* End PBXNativeTarget section */

/* Begin PBXProject section */
		DA66C6821AD8EBAD00FBC19C /* Project object */ = {
			isa = PBXProject;
			attributes = {
				LastUpgradeCheck = 0610;
				ORGANIZATIONNAME = "zuo xiaolin";
				TargetAttributes = {
					DA66C6891AD8EBAD00FBC19C = {
						CreatedOnToolsVersion = 6.1;
					};
					DA66C6A21AD8EBAE00FBC19C = {
						CreatedOnToolsVersion = 6.1;
						TestTargetID = DA66C6891AD8EBAD00FBC19C;
					};
				};
			};
			buildConfigurationList = DA66C6851AD8EBAD00FBC19C /* Build configuration list for PBXProject "ZSFlower" */;
			compatibilityVersion = "Xcode 3.2";
			developmentRegion = English;
			hasScannedForEncodings = 0;
			knownRegions = (
				en,
				Base,
			);
			mainGroup = DA66C6811AD8EBAD00FBC19C;
			productRefGroup = DA66C68B1AD8EBAD00FBC19C /* Products */;
			projectDirPath = "";
			projectRoot = "";
			targets = (
				DA66C6891AD8EBAD00FBC19C /* ZSFlower */,
				DA66C6A21AD8EBAE00FBC19C /* ZSFlowerTests */,
			);
		};
/* End PBXProject section */

/* Begin PBXResourcesBuildPhase section */
		DA66C6881AD8EBAD00FBC19C /* Resources */ = {
			isa = PBXResourcesBuildPhase;
			buildActionMask = 2147483647;
			files = (
				DA66C6BC1AD8F13C00FBC19C /* Images.xcassets in Resources */,
				DA9B83E51B12C3B800A3A227 /* area.plist in Resources */,
				DA9B83E61B12C3B800A3A227 /* city.plist in Resources */,
				DA66C6991AD8EBAD00FBC19C /* Main.storyboard in Resources */,
				DA66C69E1AD8EBAD00FBC19C /* LaunchScreen.xib in Resources */,
			);
			runOnlyForDeploymentPostprocessing = 0;
		};
		DA66C6A11AD8EBAE00FBC19C /* Resources */ = {
			isa = PBXResourcesBuildPhase;
			buildActionMask = 2147483647;
			files = (
			);
			runOnlyForDeploymentPostprocessing = 0;
		};
/* End PBXResourcesBuildPhase section */

/* Begin PBXSourcesBuildPhase section */
		DA66C6861AD8EBAD00FBC19C /* Sources */ = {
			isa = PBXSourcesBuildPhase;
			buildActionMask = 2147483647;
			files = (
				DA8F89741B04338D00BC1AD6 /* SDWebImageDecoder.m in Sources */,
				DA8F89771B04338D00BC1AD6 /* SDWebImageManager.m in Sources */,
				DA5E70031AF8990E0060040C /* NSString+Utility.m in Sources */,
				DA8F89811B04904E00BC1AD6 /* BrowseHistoryViewController.m in Sources */,
				DA5E70121AF899CA0060040C /* NSData+Encryption.m in Sources */,
				DA07C9931B0738F600DDF656 /* AddressViewController.m in Sources */,
				DA72E7121B05EC43000BF140 /* FeedBackSelectTypeView.m in Sources */,
				DA8F89891B04AD3E00BC1AD6 /* SettingViewController.m in Sources */,
				DA66C6931AD8EBAD00FBC19C /* AppDelegate.m in Sources */,
				DA77ECEC1B0EBB0F00F00718 /* AccountSafeViewController.m in Sources */,
				DA5E70101AF899CA0060040C /* DLThreeDESCrypt.m in Sources */,
				DA66C6C71AD8F4A100FBC19C /* CustomNavigationController.m in Sources */,
				DA5E701E1AF89A6E0060040C /* NSArray+Comparisons.m in Sources */,
				DAD1ED861B0B3EC300C21EF3 /* MessageCenterViewController.m in Sources */,
				DA66C6CC1AD8F6B900FBC19C /* UIViewAdditions.m in Sources */,
				DA8A65E91AEDE0A9002F70CB /* RegexKitLite.m in Sources */,
				DA07C9901B072BCC00DDF656 /* BankCardManagerTableViewCell.m in Sources */,
				DA5E70201AF89A6E0060040C /* NSDictionary+Extensions.m in Sources */,
				DA8E59D21AF9F14200852CAE /* PasswordGetbackDetailViewController.m in Sources */,
				DA8F89721B04338D00BC1AD6 /* SDImageCache.m in Sources */,
				DA07C9961B073BDD00DDF656 /* personalInfoViewController.m in Sources */,
				DA77ECEF1B0EFE2700F00718 /* ChangeBindMobileViewController.m in Sources */,
				DA8F89861B049A9800BC1AD6 /* BrowseHistoryTableViewCell.m in Sources */,
				DA8E59DC1AFC8CD400852CAE /* PersonalViewController.m in Sources */,
				DA98BA751AFF060E009FDECA /* ClassifyViewController.m in Sources */,
				DA9B843A1B13117500A3A227 /* CreateNewAddressViewController.m in Sources */,
				DA81545C1B0DBC73001349BD /* ServiceAndRefundCell.m in Sources */,
				DA5E70221AF89A6E0060040C /* UIDevice+Extensions.m in Sources */,
				DA8F897B1B04338D00BC1AD6 /* UIImage+MultiFormat.m in Sources */,
				DA72E70E1B05D1DF000BF140 /* FeedbackViewController.m in Sources */,
				DA72E7081B059EBF000BF140 /* SettingTableViewCell.m in Sources */,
				DA98BA651AFF034D009FDECA /* Utility.m in Sources */,
				DAD1ED801B0B1C3300C21EF3 /* MycollectionShopTableViewCell.m in Sources */,
				DA5E70111AF899CA0060040C /* NSData+CommonCrypto.m in Sources */,
				DA8691E51B0320E9005DB8F7 /* MyOrderViewController.m in Sources */,
				DA8F897A1B04338D00BC1AD6 /* UIImage+GIF.m in Sources */,
				DA8F89731B04338D00BC1AD6 /* SDWebImageCompat.m in Sources */,
				DA5E70001AF86D050060040C /* PopupNotify.m in Sources */,
				DA8E59E51AFCC4CD00852CAE /* CustomBadge.m in Sources */,
				DAD1ED8C1B0B440C00C21EF3 /* MessageTableViewCell.m in Sources */,
				DA66C6C61AD8F4A100FBC19C /* BaseViewController.m in Sources */,
				DA98BA6E1AFF04E0009FDECA /* HomeViewController.m in Sources */,
				DA8F897C1B04338D00BC1AD6 /* UIImageView+HighlightedWebCache.m in Sources */,
				DA8F89761B04338D00BC1AD6 /* SDWebImageDownloaderOperation.m in Sources */,
				DA98BA6B1AFF04D1009FDECA /* DiscoverViewController.m in Sources */,
				DAD1ED891B0B3FDF00C21EF3 /* TQStarRatingView.m in Sources */,
				DA9B83261B12B7E600A3A227 /* LoginPasswordViewController.m in Sources */,
				DA5E70131AF899CA0060040C /* NSString+Base64.m in Sources */,
				DA5E700F1AF899CA0060040C /* AESCrypt.m in Sources */,
				DA8E59D51AFB00FC00852CAE /* CustomTabBarController.m in Sources */,
				DA8C9EA51B09D03F002BE5F4 /* AddressManagerTableViewCell.m in Sources */,
				DAD1ED7A1B0ADEB700C21EF3 /* MyCollectionViewController.m in Sources */,
				DA8F897D1B04338D00BC1AD6 /* UIImageView+WebCache.m in Sources */,
				DA98BA711AFF04F0009FDECA /* ShopCartViewController.m in Sources */,
				DA8F897E1B04338D00BC1AD6 /* UIView+WebCacheOperation.m in Sources */,
				DA66C71C1AD9240B00FBC19C /* LoginManager.m in Sources */,
				DA66C6901AD8EBAD00FBC19C /* main.m in Sources */,
				DA66C70B1AD9005D00FBC19C /* Addtions.m in Sources */,
				DA0DB0231AF7264000806854 /* RegisterViewController.m in Sources */,
				DAD1ED7D1B0B1C1C00C21EF3 /* MyCollectionCommodityTableViewCell.m in Sources */,
				DA5E701F1AF89A6E0060040C /* NSData+Base64.m in Sources */,
				DA8154591B0DB499001349BD /* ServiceAndRefundViewController.m in Sources */,
				DA07C98D1B0728BE00DDF656 /* BankCardViewController.m in Sources */,
				DA8E59DF1AFCA17900852CAE /* PersonalTableViewCell.m in Sources */,
				DA8F89781B04338D00BC1AD6 /* SDWebImagePrefetcher.m in Sources */,
				DA0DB0271AF777D000806854 /* PassWordGetBackViewController.m in Sources */,
				DA8F89711B04338D00BC1AD6 /* NSData+ImageContentType.m in Sources */,
				DA8691E81B034A34005DB8F7 /* personalOrderTableViewCell.m in Sources */,
				DA0DB0211AF7264000806854 /* LoginViewController.m in Sources */,
				DA8E59D81AFB035100852CAE /* NSDictionary+Additions.m in Sources */,
				DA66C7081AD8FC7600FBC19C /* PUUtil.m in Sources */,
				DA72E70B1B05A2C3000BF140 /* Global.m in Sources */,
				DA8F89791B04338D00BC1AD6 /* UIButton+WebCache.m in Sources */,
				DA8F89751B04338D00BC1AD6 /* SDWebImageDownloader.m in Sources */,
				DA5E70211AF89A6E0060040C /* NSMutableArray+QueueAdditions.m in Sources */,
			);
			runOnlyForDeploymentPostprocessing = 0;
		};
		DA66C69F1AD8EBAE00FBC19C /* Sources */ = {
			isa = PBXSourcesBuildPhase;
			buildActionMask = 2147483647;
			files = (
				DA66C6AA1AD8EBAE00FBC19C /* ZSFlowerTests.m in Sources */,
			);
			runOnlyForDeploymentPostprocessing = 0;
		};
/* End PBXSourcesBuildPhase section */

/* Begin PBXTargetDependency section */
		DA66C6A51AD8EBAE00FBC19C /* PBXTargetDependency */ = {
			isa = PBXTargetDependency;
			target = DA66C6891AD8EBAD00FBC19C /* ZSFlower */;
			targetProxy = DA66C6A41AD8EBAE00FBC19C /* PBXContainerItemProxy */;
		};
/* End PBXTargetDependency section */

/* Begin PBXVariantGroup section */
		DA66C6971AD8EBAD00FBC19C /* Main.storyboard */ = {
			isa = PBXVariantGroup;
			children = (
				DA66C6981AD8EBAD00FBC19C /* Base */,
			);
			name = Main.storyboard;
			sourceTree = "<group>";
		};
		DA66C69C1AD8EBAD00FBC19C /* LaunchScreen.xib */ = {
			isa = PBXVariantGroup;
			children = (
				DA66C69D1AD8EBAD00FBC19C /* Base */,
			);
			name = LaunchScreen.xib;
			sourceTree = "<group>";
		};
/* End PBXVariantGroup section */

/* Begin XCBuildConfiguration section */
		DA66C6AB1AD8EBAE00FBC19C /* Debug */ = {
			isa = XCBuildConfiguration;
			buildSettings = {
				ALWAYS_SEARCH_USER_PATHS = NO;
				CLANG_CXX_LANGUAGE_STANDARD = "gnu++0x";
				CLANG_CXX_LIBRARY = "libc++";
				CLANG_ENABLE_MODULES = YES;
				CLANG_ENABLE_OBJC_ARC = YES;
				CLANG_WARN_BOOL_CONVERSION = YES;
				CLANG_WARN_CONSTANT_CONVERSION = YES;
				CLANG_WARN_DIRECT_OBJC_ISA_USAGE = YES_ERROR;
				CLANG_WARN_EMPTY_BODY = YES;
				CLANG_WARN_ENUM_CONVERSION = YES;
				CLANG_WARN_INT_CONVERSION = YES;
				CLANG_WARN_OBJC_ROOT_CLASS = YES_ERROR;
				CLANG_WARN_UNREACHABLE_CODE = YES;
				CLANG_WARN__DUPLICATE_METHOD_MATCH = YES;
				"CODE_SIGN_IDENTITY[sdk=iphoneos*]" = "iPhone Developer";
				COPY_PHASE_STRIP = NO;
				ENABLE_STRICT_OBJC_MSGSEND = YES;
				GCC_C_LANGUAGE_STANDARD = gnu99;
				GCC_DYNAMIC_NO_PIC = NO;
				GCC_OPTIMIZATION_LEVEL = 0;
				GCC_PREPROCESSOR_DEFINITIONS = (
					"DEBUG=1",
					"$(inherited)",
				);
				GCC_SYMBOLS_PRIVATE_EXTERN = NO;
				GCC_WARN_64_TO_32_BIT_CONVERSION = YES;
				GCC_WARN_ABOUT_RETURN_TYPE = YES_ERROR;
				GCC_WARN_UNDECLARED_SELECTOR = YES;
				GCC_WARN_UNINITIALIZED_AUTOS = YES_AGGRESSIVE;
				GCC_WARN_UNUSED_FUNCTION = YES;
				GCC_WARN_UNUSED_VARIABLE = YES;
				IPHONEOS_DEPLOYMENT_TARGET = 8.1;
				MTL_ENABLE_DEBUG_INFO = YES;
				ONLY_ACTIVE_ARCH = YES;
				OTHER_LDFLAGS = "-licucore";
				SDKROOT = iphoneos;
				TARGETED_DEVICE_FAMILY = "1,2";
			};
			name = Debug;
		};
		DA66C6AC1AD8EBAE00FBC19C /* Release */ = {
			isa = XCBuildConfiguration;
			buildSettings = {
				ALWAYS_SEARCH_USER_PATHS = NO;
				CLANG_CXX_LANGUAGE_STANDARD = "gnu++0x";
				CLANG_CXX_LIBRARY = "libc++";
				CLANG_ENABLE_MODULES = YES;
				CLANG_ENABLE_OBJC_ARC = YES;
				CLANG_WARN_BOOL_CONVERSION = YES;
				CLANG_WARN_CONSTANT_CONVERSION = YES;
				CLANG_WARN_DIRECT_OBJC_ISA_USAGE = YES_ERROR;
				CLANG_WARN_EMPTY_BODY = YES;
				CLANG_WARN_ENUM_CONVERSION = YES;
				CLANG_WARN_INT_CONVERSION = YES;
				CLANG_WARN_OBJC_ROOT_CLASS = YES_ERROR;
				CLANG_WARN_UNREACHABLE_CODE = YES;
				CLANG_WARN__DUPLICATE_METHOD_MATCH = YES;
				"CODE_SIGN_IDENTITY[sdk=iphoneos*]" = "iPhone Developer";
				COPY_PHASE_STRIP = YES;
				ENABLE_NS_ASSERTIONS = NO;
				ENABLE_STRICT_OBJC_MSGSEND = YES;
				GCC_C_LANGUAGE_STANDARD = gnu99;
				GCC_WARN_64_TO_32_BIT_CONVERSION = YES;
				GCC_WARN_ABOUT_RETURN_TYPE = YES_ERROR;
				GCC_WARN_UNDECLARED_SELECTOR = YES;
				GCC_WARN_UNINITIALIZED_AUTOS = YES_AGGRESSIVE;
				GCC_WARN_UNUSED_FUNCTION = YES;
				GCC_WARN_UNUSED_VARIABLE = YES;
				IPHONEOS_DEPLOYMENT_TARGET = 8.1;
				MTL_ENABLE_DEBUG_INFO = NO;
				OTHER_LDFLAGS = "-licucore";
				SDKROOT = iphoneos;
				TARGETED_DEVICE_FAMILY = "1,2";
				VALIDATE_PRODUCT = YES;
			};
			name = Release;
		};
		DA66C6AE1AD8EBAE00FBC19C /* Debug */ = {
			isa = XCBuildConfiguration;
			buildSettings = {
				ASSETCATALOG_COMPILER_APPICON_NAME = AppIcon;
				ASSETCATALOG_COMPILER_LAUNCHIMAGE_NAME = LaunchImage;
				GCC_PRECOMPILE_PREFIX_HEADER = YES;
				GCC_PREFIX_HEADER = "${SRCROOT}/ZSFlower/ZS-PrefixHeader.pch";
				INFOPLIST_FILE = ZSFlower/Info.plist;
				LD_RUNPATH_SEARCH_PATHS = "$(inherited) @executable_path/Frameworks";
				PRODUCT_NAME = "$(TARGET_NAME)";
			};
			name = Debug;
		};
		DA66C6AF1AD8EBAE00FBC19C /* Release */ = {
			isa = XCBuildConfiguration;
			buildSettings = {
				ASSETCATALOG_COMPILER_APPICON_NAME = AppIcon;
				ASSETCATALOG_COMPILER_LAUNCHIMAGE_NAME = LaunchImage;
				GCC_PRECOMPILE_PREFIX_HEADER = YES;
				GCC_PREFIX_HEADER = "${SRCROOT}/ZSFlower/ZS-PrefixHeader.pch";
				INFOPLIST_FILE = ZSFlower/Info.plist;
				LD_RUNPATH_SEARCH_PATHS = "$(inherited) @executable_path/Frameworks";
				PRODUCT_NAME = "$(TARGET_NAME)";
			};
			name = Release;
		};
		DA66C6B11AD8EBAE00FBC19C /* Debug */ = {
			isa = XCBuildConfiguration;
			buildSettings = {
				BUNDLE_LOADER = "$(TEST_HOST)";
				FRAMEWORK_SEARCH_PATHS = (
					"$(SDKROOT)/Developer/Library/Frameworks",
					"$(inherited)",
				);
				GCC_PREPROCESSOR_DEFINITIONS = (
					"DEBUG=1",
					"$(inherited)",
				);
				INFOPLIST_FILE = ZSFlowerTests/Info.plist;
				LD_RUNPATH_SEARCH_PATHS = "$(inherited) @executable_path/Frameworks @loader_path/Frameworks";
				PRODUCT_NAME = "$(TARGET_NAME)";
				TEST_HOST = "$(BUILT_PRODUCTS_DIR)/ZSFlower.app/ZSFlower";
			};
			name = Debug;
		};
		DA66C6B21AD8EBAE00FBC19C /* Release */ = {
			isa = XCBuildConfiguration;
			buildSettings = {
				BUNDLE_LOADER = "$(TEST_HOST)";
				FRAMEWORK_SEARCH_PATHS = (
					"$(SDKROOT)/Developer/Library/Frameworks",
					"$(inherited)",
				);
				INFOPLIST_FILE = ZSFlowerTests/Info.plist;
				LD_RUNPATH_SEARCH_PATHS = "$(inherited) @executable_path/Frameworks @loader_path/Frameworks";
				PRODUCT_NAME = "$(TARGET_NAME)";
				TEST_HOST = "$(BUILT_PRODUCTS_DIR)/ZSFlower.app/ZSFlower";
			};
			name = Release;
		};
/* End XCBuildConfiguration section */

/* Begin XCConfigurationList section */
		DA66C6851AD8EBAD00FBC19C /* Build configuration list for PBXProject "ZSFlower" */ = {
			isa = XCConfigurationList;
			buildConfigurations = (
				DA66C6AB1AD8EBAE00FBC19C /* Debug */,
				DA66C6AC1AD8EBAE00FBC19C /* Release */,
			);
			defaultConfigurationIsVisible = 0;
			defaultConfigurationName = Release;
		};
		DA66C6AD1AD8EBAE00FBC19C /* Build configuration list for PBXNativeTarget "ZSFlower" */ = {
			isa = XCConfigurationList;
			buildConfigurations = (
				DA66C6AE1AD8EBAE00FBC19C /* Debug */,
				DA66C6AF1AD8EBAE00FBC19C /* Release */,
			);
			defaultConfigurationIsVisible = 0;
			defaultConfigurationName = Release;
		};
		DA66C6B01AD8EBAE00FBC19C /* Build configuration list for PBXNativeTarget "ZSFlowerTests" */ = {
			isa = XCConfigurationList;
			buildConfigurations = (
				DA66C6B11AD8EBAE00FBC19C /* Debug */,
				DA66C6B21AD8EBAE00FBC19C /* Release */,
			);
			defaultConfigurationIsVisible = 0;
			defaultConfigurationName = Release;
		};
/* End XCConfigurationList section */
	};
	rootObject = DA66C6821AD8EBAD00FBC19C /* Project object */;
}
